// !$*UTF8*$!
{
	archiveVersion = 1;
	classes = {
	};
	objectVersion = 46;
	objects = {

/* Begin PBXBuildFile section */
		9106B90116AE8B9A003D2CD9 /* FileSystemUtils.h in Headers */ = {isa = PBXBuildFile; fileRef = 9106B90016AE8B9A003D2CD9 /* FileSystemUtils.h */; };
		915C293416EB817400654B4E /* Compiler_PlatformPosix.cpp in Sources */ = {isa = PBXBuildFile; fileRef = 915C293316EB817400654B4E /* Compiler_PlatformPosix.cpp */; };
		91CDEF8D1619F0D70061B76E /* BuildTool.cpp in Sources */ = {isa = PBXBuildFile; fileRef = 91CDEF7D1619F0D70061B76E /* BuildTool.cpp */; };
		91CDEF8E1619F0D70061B76E /* BuildTool.h in Headers */ = {isa = PBXBuildFile; fileRef = 91CDEF7E1619F0D70061B76E /* BuildTool.h */; };
		91CDEF901619F0D70061B76E /* Compiler.h in Headers */ = {isa = PBXBuildFile; fileRef = 91CDEF801619F0D70061B76E /* Compiler.h */; };
		91CDEF911619F0D70061B76E /* FileChangeNotifier.cpp in Sources */ = {isa = PBXBuildFile; fileRef = 91CDEF811619F0D70061B76E /* FileChangeNotifier.cpp */; };
		91CDEF921619F0D70061B76E /* FileChangeNotifier.h in Headers */ = {isa = PBXBuildFile; fileRef = 91CDEF821619F0D70061B76E /* FileChangeNotifier.h */; };
		91CDEF951619F0D70061B76E /* ICompilerLogger.h in Headers */ = {isa = PBXBuildFile; fileRef = 91CDEF851619F0D70061B76E /* ICompilerLogger.h */; };
		91CDEF961619F0D70061B76E /* IFileChangeNotifier.h in Headers */ = {isa = PBXBuildFile; fileRef = 91CDEF861619F0D70061B76E /* IFileChangeNotifier.h */; };
		91CDEF981619F0D70061B76E /* FileWatcher.cpp in Sources */ = {isa = PBXBuildFile; fileRef = 91CDEF881619F0D70061B76E /* FileWatcher.cpp */; };
		91CDEF991619F0D70061B76E /* FileWatcher.h in Headers */ = {isa = PBXBuildFile; fileRef = 91CDEF891619F0D70061B76E /* FileWatcher.h */; };
		91CDEF9A1619F0D70061B76E /* FileWatcherImpl.h in Headers */ = {isa = PBXBuildFile; fileRef = 91CDEF8A1619F0D70061B76E /* FileWatcherImpl.h */; };
		91CDEF9B1619F0D70061B76E /* FileWatcherOSX.cpp in Sources */ = {isa = PBXBuildFile; fileRef = 91CDEF8B1619F0D70061B76E /* FileWatcherOSX.cpp */; };
		91CDEF9C1619F0D70061B76E /* FileWatcherOSX.h in Headers */ = {isa = PBXBuildFile; fileRef = 91CDEF8C1619F0D70061B76E /* FileWatcherOSX.h */; };
/* End PBXBuildFile section */

/* Begin PBXFileReference section */
		9106B90016AE8B9A003D2CD9 /* FileSystemUtils.h */ = {isa = PBXFileReference; fileEncoding = 4; lastKnownFileType = sourcecode.c.h; path = FileSystemUtils.h; sourceTree = "<group>"; };
		915C293316EB817400654B4E /* Compiler_PlatformPosix.cpp */ = {isa = PBXFileReference; fileEncoding = 4; lastKnownFileType = sourcecode.cpp.cpp; path = Compiler_PlatformPosix.cpp; sourceTree = "<group>"; };
		919FE7001619F04600A269B6 /* libRuntimeCompiler.a */ = {isa = PBXFileReference; explicitFileType = archive.ar; includeInIndex = 0; path = libRuntimeCompiler.a; sourceTree = BUILT_PRODUCTS_DIR; };
		91CDEF7D1619F0D70061B76E /* BuildTool.cpp */ = {isa = PBXFileReference; fileEncoding = 4; lastKnownFileType = sourcecode.cpp.cpp; path = BuildTool.cpp; sourceTree = "<group>"; };
		91CDEF7E1619F0D70061B76E /* BuildTool.h */ = {isa = PBXFileReference; fileEncoding = 4; lastKnownFileType = sourcecode.c.h; path = BuildTool.h; sourceTree = "<group>"; };
		91CDEF801619F0D70061B76E /* Compiler.h */ = {isa = PBXFileReference; fileEncoding = 4; lastKnownFileType = sourcecode.c.h; path = Compiler.h; sourceTree = "<group>"; };
		91CDEF811619F0D70061B76E /* FileChangeNotifier.cpp */ = {isa = PBXFileReference; fileEncoding = 4; lastKnownFileType = sourcecode.cpp.cpp; path = FileChangeNotifier.cpp; sourceTree = "<group>"; };
		91CDEF821619F0D70061B76E /* FileChangeNotifier.h */ = {isa = PBXFileReference; fileEncoding = 4; lastKnownFileType = sourcecode.c.h; path = FileChangeNotifier.h; sourceTree = "<group>"; };
		91CDEF851619F0D70061B76E /* ICompilerLogger.h */ = {isa = PBXFileReference; fileEncoding = 4; lastKnownFileType = sourcecode.c.h; path = ICompilerLogger.h; sourceTree = "<group>"; };
		91CDEF861619F0D70061B76E /* IFileChangeNotifier.h */ = {isa = PBXFileReference; fileEncoding = 4; lastKnownFileType = sourcecode.c.h; path = IFileChangeNotifier.h; sourceTree = "<group>"; };
		91CDEF881619F0D70061B76E /* FileWatcher.cpp */ = {isa = PBXFileReference; fileEncoding = 4; lastKnownFileType = sourcecode.cpp.cpp; name = FileWatcher.cpp; path = SimpleFileWatcher/FileWatcher.cpp; sourceTree = "<group>"; };
		91CDEF891619F0D70061B76E /* FileWatcher.h */ = {isa = PBXFileReference; fileEncoding = 4; lastKnownFileType = sourcecode.c.h; name = FileWatcher.h; path = SimpleFileWatcher/FileWatcher.h; sourceTree = "<group>"; };
		91CDEF8A1619F0D70061B76E /* FileWatcherImpl.h */ = {isa = PBXFileReference; fileEncoding = 4; lastKnownFileType = sourcecode.c.h; name = FileWatcherImpl.h; path = SimpleFileWatcher/FileWatcherImpl.h; sourceTree = "<group>"; };
		91CDEF8B1619F0D70061B76E /* FileWatcherOSX.cpp */ = {isa = PBXFileReference; fileEncoding = 4; lastKnownFileType = sourcecode.cpp.cpp; name = FileWatcherOSX.cpp; path = SimpleFileWatcher/FileWatcherOSX.cpp; sourceTree = "<group>"; };
		91CDEF8C1619F0D70061B76E /* FileWatcherOSX.h */ = {isa = PBXFileReference; fileEncoding = 4; lastKnownFileType = sourcecode.c.h; name = FileWatcherOSX.h; path = SimpleFileWatcher/FileWatcherOSX.h; sourceTree = "<group>"; };
/* End PBXFileReference section */

/* Begin PBXFrameworksBuildPhase section */
		919FE6FD1619F04600A269B6 /* Frameworks */ = {
			isa = PBXFrameworksBuildPhase;
			buildActionMask = 2147483647;
			files = (
			);
			runOnlyForDeploymentPostprocessing = 0;
		};
/* End PBXFrameworksBuildPhase section */

/* Begin PBXGroup section */
		919FE6F51619F04600A269B6 = {
			isa = PBXGroup;
			children = (
				915C293316EB817400654B4E /* Compiler_PlatformPosix.cpp */,
				9106B90016AE8B9A003D2CD9 /* FileSystemUtils.h */,
				91CDEF9E1619F0E30061B76E /* SimpleFileWatcher */,
				91CDEF7D1619F0D70061B76E /* BuildTool.cpp */,
				91CDEF7E1619F0D70061B76E /* BuildTool.h */,
				91CDEF801619F0D70061B76E /* Compiler.h */,
				91CDEF811619F0D70061B76E /* FileChangeNotifier.cpp */,
				91CDEF821619F0D70061B76E /* FileChangeNotifier.h */,
				91CDEF851619F0D70061B76E /* ICompilerLogger.h */,
				91CDEF861619F0D70061B76E /* IFileChangeNotifier.h */,
				919FE7011619F04600A269B6 /* Products */,
			);
			sourceTree = "<group>";
		};
		919FE7011619F04600A269B6 /* Products */ = {
			isa = PBXGroup;
			children = (
				919FE7001619F04600A269B6 /* libRuntimeCompiler.a */,
			);
			name = Products;
			sourceTree = "<group>";
		};
		91CDEF9E1619F0E30061B76E /* SimpleFileWatcher */ = {
			isa = PBXGroup;
			children = (
				91CDEF881619F0D70061B76E /* FileWatcher.cpp */,
				91CDEF891619F0D70061B76E /* FileWatcher.h */,
				91CDEF8A1619F0D70061B76E /* FileWatcherImpl.h */,
				91CDEF8B1619F0D70061B76E /* FileWatcherOSX.cpp */,
				91CDEF8C1619F0D70061B76E /* FileWatcherOSX.h */,
			);
			name = SimpleFileWatcher;
			sourceTree = "<group>";
		};
/* End PBXGroup section */

/* Begin PBXHeadersBuildPhase section */
		919FE6FE1619F04600A269B6 /* Headers */ = {
			isa = PBXHeadersBuildPhase;
			buildActionMask = 2147483647;
			files = (
				91CDEF8E1619F0D70061B76E /* BuildTool.h in Headers */,
				91CDEF901619F0D70061B76E /* Compiler.h in Headers */,
				91CDEF921619F0D70061B76E /* FileChangeNotifier.h in Headers */,
				91CDEF951619F0D70061B76E /* ICompilerLogger.h in Headers */,
				91CDEF961619F0D70061B76E /* IFileChangeNotifier.h in Headers */,
				91CDEF991619F0D70061B76E /* FileWatcher.h in Headers */,
				91CDEF9A1619F0D70061B76E /* FileWatcherImpl.h in Headers */,
				91CDEF9C1619F0D70061B76E /* FileWatcherOSX.h in Headers */,
				9106B90116AE8B9A003D2CD9 /* FileSystemUtils.h in Headers */,
			);
			runOnlyForDeploymentPostprocessing = 0;
		};
/* End PBXHeadersBuildPhase section */

/* Begin PBXNativeTarget section */
		919FE6FF1619F04600A269B6 /* RuntimeCompiler */ = {
			isa = PBXNativeTarget;
			buildConfigurationList = 919FE7041619F04600A269B6 /* Build configuration list for PBXNativeTarget "RuntimeCompiler" */;
			buildPhases = (
				919FE6FC1619F04600A269B6 /* Sources */,
				919FE6FD1619F04600A269B6 /* Frameworks */,
				919FE6FE1619F04600A269B6 /* Headers */,
			);
			buildRules = (
			);
			dependencies = (
			);
			name = RuntimeCompiler;
			productName = RuntimeCompiler;
			productReference = 919FE7001619F04600A269B6 /* libRuntimeCompiler.a */;
			productType = "com.apple.product-type.library.static";
		};
/* End PBXNativeTarget section */

/* Begin PBXProject section */
		919FE6F71619F04600A269B6 /* Project object */ = {
			isa = PBXProject;
			attributes = {
				LastUpgradeCheck = 0440;
				ORGANIZATIONNAME = "Doug Binks";
			};
			buildConfigurationList = 919FE6FA1619F04600A269B6 /* Build configuration list for PBXProject "RuntimeCompiler" */;
			compatibilityVersion = "Xcode 3.2";
			developmentRegion = English;
			hasScannedForEncodings = 0;
			knownRegions = (
				en,
			);
			mainGroup = 919FE6F51619F04600A269B6;
			productRefGroup = 919FE7011619F04600A269B6 /* Products */;
			projectDirPath = "";
			projectRoot = "";
			targets = (
				919FE6FF1619F04600A269B6 /* RuntimeCompiler */,
			);
		};
/* End PBXProject section */

/* Begin PBXSourcesBuildPhase section */
		919FE6FC1619F04600A269B6 /* Sources */ = {
			isa = PBXSourcesBuildPhase;
			buildActionMask = 2147483647;
			files = (
				91CDEF8D1619F0D70061B76E /* BuildTool.cpp in Sources */,
				91CDEF911619F0D70061B76E /* FileChangeNotifier.cpp in Sources */,
				91CDEF981619F0D70061B76E /* FileWatcher.cpp in Sources */,
				91CDEF9B1619F0D70061B76E /* FileWatcherOSX.cpp in Sources */,
				915C293416EB817400654B4E /* Compiler_PlatformPosix.cpp in Sources */,
			);
			runOnlyForDeploymentPostprocessing = 0;
		};
/* End PBXSourcesBuildPhase section */

/* Begin XCBuildConfiguration section */
		919FE7021619F04600A269B6 /* Debug */ = {
			isa = XCBuildConfiguration;
			buildSettings = {
				ALWAYS_SEARCH_USER_PATHS = NO;
				ARCHS = "$(ARCHS_STANDARD_64_BIT)";
				CLANG_CXX_LANGUAGE_STANDARD = "gnu++0x";
				CLANG_WARN__DUPLICATE_METHOD_MATCH = YES;
				COPY_PHASE_STRIP = NO;
				GCC_C_LANGUAGE_STANDARD = gnu99;
				GCC_DYNAMIC_NO_PIC = NO;
				GCC_ENABLE_OBJC_EXCEPTIONS = YES;
				GCC_OPTIMIZATION_LEVEL = 0;
				GCC_PREPROCESSOR_DEFINITIONS = (
					"DEBUG=1",
					"$(inherited)",
				);
				GCC_SYMBOLS_PRIVATE_EXTERN = NO;
				GCC_WARN_64_TO_32_BIT_CONVERSION = YES;
				GCC_WARN_ABOUT_RETURN_TYPE = YES;
				GCC_WARN_UNINITIALIZED_AUTOS = YES;
				GCC_WARN_UNUSED_VARIABLE = YES;
				HEADER_SEARCH_PATHS = ../External/boost/;
				MACOSX_DEPLOYMENT_TARGET = 10.8;
				ONLY_ACTIVE_ARCH = YES;
				SDKROOT = macosx;
			};
			name = Debug;
		};
		919FE7031619F04600A269B6 /* Release */ = {
			isa = XCBuildConfiguration;
			buildSettings = {
				ALWAYS_SEARCH_USER_PATHS = NO;
				ARCHS = "$(ARCHS_STANDARD_64_BIT)";
				CLANG_CXX_LANGUAGE_STANDARD = "gnu++0x";
				CLANG_WARN__DUPLICATE_METHOD_MATCH = YES;
				COPY_PHASE_STRIP = YES;
				DEBUG_INFORMATION_FORMAT = "dwarf-with-dsym";
				GCC_C_LANGUAGE_STANDARD = gnu99;
				GCC_ENABLE_OBJC_EXCEPTIONS = YES;
				GCC_WARN_64_TO_32_BIT_CONVERSION = YES;
				GCC_WARN_ABOUT_RETURN_TYPE = YES;
				GCC_WARN_UNINITIALIZED_AUTOS = YES;
				GCC_WARN_UNUSED_VARIABLE = YES;
				HEADER_SEARCH_PATHS = ../External/boost/;
				MACOSX_DEPLOYMENT_TARGET = 10.8;
				SDKROOT = macosx;
			};
			name = Release;
		};
		919FE7051619F04600A269B6 /* Debug */ = {
			isa = XCBuildConfiguration;
			buildSettings = {
				EXECUTABLE_PREFIX = lib;
				PRODUCT_NAME = "$(TARGET_NAME)";
				SDKROOT = "";
			};
			name = Debug;
		};
		919FE7061619F04600A269B6 /* Release */ = {
			isa = XCBuildConfiguration;
			buildSettings = {
				EXECUTABLE_PREFIX = lib;
				PRODUCT_NAME = "$(TARGET_NAME)";
				SDKROOT = "";
			};
			name = Release;
		};
/* End XCBuildConfiguration section */

/* Begin XCConfigurationList section */
		919FE6FA1619F04600A269B6 /* Build configuration list for PBXProject "RuntimeCompiler" */ = {
			isa = XCConfigurationList;
			buildConfigurations = (
				919FE7021619F04600A269B6 /* Debug */,
				919FE7031619F04600A269B6 /* Release */,
			);
			defaultConfigurationIsVisible = 0;
			defaultConfigurationName = Release;
		};
		919FE7041619F04600A269B6 /* Build configuration list for PBXNativeTarget "RuntimeCompiler" */ = {
			isa = XCConfigurationList;
			buildConfigurations = (
				919FE7051619F04600A269B6 /* Debug */,
				919FE7061619F04600A269B6 /* Release */,
			);
			defaultConfigurationIsVisible = 0;
			defaultConfigurationName = Release;
		};
/* End XCConfigurationList section */
	};
	rootObject = 919FE6F71619F04600A269B6 /* Project object */;
}
