// !$*UTF8*$!
{
	archiveVersion = 1;
	classes = {
	};
	objectVersion = 46;
	objects = {

/* Begin PBXBuildFile section */
		910A9DA316230A370032E310 /* Cocoa.framework in Frameworks */ = {isa = PBXBuildFile; fileRef = 910A9DA216230A370032E310 /* Cocoa.framework */; };
		910A9DC916230D880032E310 /* OpenGL.framework in Frameworks */ = {isa = PBXBuildFile; fileRef = 910A9DC816230D880032E310 /* OpenGL.framework */; };
		910A9DF3162313440032E310 /* IOKit.framework in Frameworks */ = {isa = PBXBuildFile; fileRef = 910A9DF2162313440032E310 /* IOKit.framework */; };
		910A9DF81623134E0032E310 /* libRenderer.a in Frameworks */ = {isa = PBXBuildFile; fileRef = 910A9DF41623134E0032E310 /* libRenderer.a */; };
		910A9DF91623134E0032E310 /* libRuntimeCompiler.a in Frameworks */ = {isa = PBXBuildFile; fileRef = 910A9DF51623134E0032E310 /* libRuntimeCompiler.a */; };
		910A9DFA1623134E0032E310 /* libRuntimeObjectSystem.a in Frameworks */ = {isa = PBXBuildFile; fileRef = 910A9DF61623134E0032E310 /* libRuntimeObjectSystem.a */; };
		910A9DFB1623134E0032E310 /* libSystems.a in Frameworks */ = {isa = PBXBuildFile; fileRef = 910A9DF71623134E0032E310 /* libSystems.a */; };
		910A9DFD162313D40032E310 /* libglfw.a in Frameworks */ = {isa = PBXBuildFile; fileRef = 910A9DFC162313D40032E310 /* libglfw.a */; };
		910A9E50162313EF0032E310 /* Behavior_Infected_Approach.cpp in Sources */ = {isa = PBXBuildFile; fileRef = 910A9E0A162313EF0032E310 /* Behavior_Infected_Approach.cpp */; };
		910A9E51162313EF0032E310 /* Behavior_Infected_Combat.cpp in Sources */ = {isa = PBXBuildFile; fileRef = 910A9E0C162313EF0032E310 /* Behavior_Infected_Combat.cpp */; };
		910A9E52162313EF0032E310 /* Behavior_Infected_HuntRBC.cpp in Sources */ = {isa = PBXBuildFile; fileRef = 910A9E0D162313EF0032E310 /* Behavior_Infected_HuntRBC.cpp */; };
		910A9E53162313EF0032E310 /* Behavior_Infected_HuntWBC.cpp in Sources */ = {isa = PBXBuildFile; fileRef = 910A9E0E162313EF0032E310 /* Behavior_Infected_HuntWBC.cpp */; };
		910A9E54162313EF0032E310 /* Behavior_Infected_Idle.cpp in Sources */ = {isa = PBXBuildFile; fileRef = 910A9E0F162313EF0032E310 /* Behavior_Infected_Idle.cpp */; };
		910A9E55162313EF0032E310 /* Behavior_RBC_Approach.cpp in Sources */ = {isa = PBXBuildFile; fileRef = 910A9E10162313EF0032E310 /* Behavior_RBC_Approach.cpp */; };
		910A9E56162313EF0032E310 /* Behavior_RBC_Combat.cpp in Sources */ = {isa = PBXBuildFile; fileRef = 910A9E12162313EF0032E310 /* Behavior_RBC_Combat.cpp */; };
		910A9E57162313EF0032E310 /* Behavior_RBC_Evade.cpp in Sources */ = {isa = PBXBuildFile; fileRef = 910A9E13162313EF0032E310 /* Behavior_RBC_Evade.cpp */; };
		910A9E58162313EF0032E310 /* Behavior_RBC_Idle.cpp in Sources */ = {isa = PBXBuildFile; fileRef = 910A9E14162313EF0032E310 /* Behavior_RBC_Idle.cpp */; };
		910A9E59162313EF0032E310 /* Behavior_Virus_Approach.cpp in Sources */ = {isa = PBXBuildFile; fileRef = 910A9E15162313EF0032E310 /* Behavior_Virus_Approach.cpp */; };
		910A9E5A162313EF0032E310 /* Behavior_Virus_Combat.cpp in Sources */ = {isa = PBXBuildFile; fileRef = 910A9E17162313EF0032E310 /* Behavior_Virus_Combat.cpp */; };
		910A9E5B162313EF0032E310 /* Behavior_Virus_HuntRBC.cpp in Sources */ = {isa = PBXBuildFile; fileRef = 910A9E18162313EF0032E310 /* Behavior_Virus_HuntRBC.cpp */; };
		910A9E5C162313EF0032E310 /* Behavior_Virus_HuntWBC.cpp in Sources */ = {isa = PBXBuildFile; fileRef = 910A9E19162313EF0032E310 /* Behavior_Virus_HuntWBC.cpp */; };
		910A9E5D162313EF0032E310 /* Behavior_Virus_Idle.cpp in Sources */ = {isa = PBXBuildFile; fileRef = 910A9E1A162313EF0032E310 /* Behavior_Virus_Idle.cpp */; };
		910A9E5E162313EF0032E310 /* Behavior_WBC_Approach.cpp in Sources */ = {isa = PBXBuildFile; fileRef = 910A9E1B162313EF0032E310 /* Behavior_WBC_Approach.cpp */; };
		910A9E5F162313EF0032E310 /* Behavior_WBC_Combat.cpp in Sources */ = {isa = PBXBuildFile; fileRef = 910A9E1D162313EF0032E310 /* Behavior_WBC_Combat.cpp */; };
		910A9E60162313EF0032E310 /* Behavior_WBC_Idle.cpp in Sources */ = {isa = PBXBuildFile; fileRef = 910A9E1E162313EF0032E310 /* Behavior_WBC_Idle.cpp */; };
		910A9E61162313EF0032E310 /* Behavior_WBC_Patrol.cpp in Sources */ = {isa = PBXBuildFile; fileRef = 910A9E1F162313EF0032E310 /* Behavior_WBC_Patrol.cpp */; };
		910A9E62162313EF0032E310 /* BehaviorTree_Infected.cpp in Sources */ = {isa = PBXBuildFile; fileRef = 910A9E21162313EF0032E310 /* BehaviorTree_Infected.cpp */; };
		910A9E63162313EF0032E310 /* BehaviorTree_RBC.cpp in Sources */ = {isa = PBXBuildFile; fileRef = 910A9E22162313EF0032E310 /* BehaviorTree_RBC.cpp */; };
		910A9E64162313EF0032E310 /* BehaviorTree_Virus.cpp in Sources */ = {isa = PBXBuildFile; fileRef = 910A9E23162313EF0032E310 /* BehaviorTree_Virus.cpp */; };
		910A9E65162313EF0032E310 /* BehaviorTree_WBC.cpp in Sources */ = {isa = PBXBuildFile; fileRef = 910A9E24162313EF0032E310 /* BehaviorTree_WBC.cpp */; };
		910A9E66162313EF0032E310 /* BehaviorTreeManager.cpp in Sources */ = {isa = PBXBuildFile; fileRef = 910A9E25162313EF0032E310 /* BehaviorTreeManager.cpp */; };
		910A9E67162313EF0032E310 /* BlackboardManager.cpp in Sources */ = {isa = PBXBuildFile; fileRef = 910A9E26162313EF0032E310 /* BlackboardManager.cpp */; };
		910A9E68162313EF0032E310 /* CameraControl.cpp in Sources */ = {isa = PBXBuildFile; fileRef = 910A9E27162313EF0032E310 /* CameraControl.cpp */; };
		910A9E69162313EF0032E310 /* CompilerLogger.cpp in Sources */ = {isa = PBXBuildFile; fileRef = 910A9E28162313EF0032E310 /* CompilerLogger.cpp */; };
		910A9E6A162313EF0032E310 /* CompilingNotification.cpp in Sources */ = {isa = PBXBuildFile; fileRef = 910A9E2A162313EF0032E310 /* CompilingNotification.cpp */; };
		910A9E6B162313EF0032E310 /* Console.cpp in Sources */ = {isa = PBXBuildFile; fileRef = 910A9E2B162313EF0032E310 /* Console.cpp */; };
		910A9E6D162313EF0032E310 /* Environment.cpp in Sources */ = {isa = PBXBuildFile; fileRef = 910A9E2F162313EF0032E310 /* Environment.cpp */; };
		910A9E6E162313EF0032E310 /* FPSCounter.cpp in Sources */ = {isa = PBXBuildFile; fileRef = 910A9E31162313EF0032E310 /* FPSCounter.cpp */; };
		910A9E6F162313EF0032E310 /* Game.cpp in Sources */ = {isa = PBXBuildFile; fileRef = 910A9E32162313EF0032E310 /* Game.cpp */; };
		910A9E70162313EF0032E310 /* GameManager.cpp in Sources */ = {isa = PBXBuildFile; fileRef = 910A9E34162313EF0032E310 /* GameManager.cpp */; };
		910A9E71162313EF0032E310 /* GameObject.cpp in Sources */ = {isa = PBXBuildFile; fileRef = 910A9E35162313EF0032E310 /* GameObject.cpp */; };
		910A9E72162313EF0032E310 /* InputManager.cpp in Sources */ = {isa = PBXBuildFile; fileRef = 910A9E43162313EF0032E310 /* InputManager.cpp */; };
		910A9E73162313EF0032E310 /* LightingControl.cpp in Sources */ = {isa = PBXBuildFile; fileRef = 910A9E49162313EF0032E310 /* LightingControl.cpp */; };
		910A9E74162313EF0032E310 /* Main.cpp in Sources */ = {isa = PBXBuildFile; fileRef = 910A9E4A162313EF0032E310 /* Main.cpp */; };
		910A9E75162313EF0032E310 /* MainMenu.cpp in Sources */ = {isa = PBXBuildFile; fileRef = 910A9E4B162313EF0032E310 /* MainMenu.cpp */; };
		910A9E76162313EF0032E310 /* MainObject.cpp in Sources */ = {isa = PBXBuildFile; fileRef = 910A9E4C162313EF0032E310 /* MainObject.cpp */; };
		910A9E77162313EF0032E310 /* PerceptionManager.cpp in Sources */ = {isa = PBXBuildFile; fileRef = 910A9E4D162313EF0032E310 /* PerceptionManager.cpp */; };
		910A9E78162313EF0032E310 /* PhysicsManager.cpp in Sources */ = {isa = PBXBuildFile; fileRef = 910A9E4E162313EF0032E310 /* PhysicsManager.cpp */; };
		910A9E79162313EF0032E310 /* SplashScreen.cpp in Sources */ = {isa = PBXBuildFile; fileRef = 910A9E4F162313EF0032E310 /* SplashScreen.cpp */; };
		910A9E891623233F0032E310 /* RocketControlsOSX.framework in Frameworks */ = {isa = PBXBuildFile; fileRef = 910A9E861623233E0032E310 /* RocketControlsOSX.framework */; };
		910A9E8A1623233F0032E310 /* RocketCoreOSX.framework in Frameworks */ = {isa = PBXBuildFile; fileRef = 910A9E871623233F0032E310 /* RocketCoreOSX.framework */; };
		910A9E8B1623233F0032E310 /* RocketDebuggerOSX.framework in Frameworks */ = {isa = PBXBuildFile; fileRef = 910A9E881623233F0032E310 /* RocketDebuggerOSX.framework */; };
		91D03E3B16248B120044DC3F /* libfreetype.6.dylib in CopyFiles */ = {isa = PBXBuildFile; fileRef = 910A9E901623284B0032E310 /* libfreetype.6.dylib */; };
/* End PBXBuildFile section */

/* Begin PBXCopyFilesBuildPhase section */
		910A9E8F162328120032E310 /* CopyFiles */ = {
			isa = PBXCopyFilesBuildPhase;
			buildActionMask = 2147483647;
			dstPath = "";
			dstSubfolderSpec = 16;
			files = (
				91D03E3B16248B120044DC3F /* libfreetype.6.dylib in CopyFiles */,
			);
			runOnlyForDeploymentPostprocessing = 0;
		};
/* End PBXCopyFilesBuildPhase section */

/* Begin PBXFileReference section */
		9107152E162740B00069C8C5 /* Foundation.framework */ = {isa = PBXFileReference; lastKnownFileType = wrapper.framework; name = Foundation.framework; path = /System/Library/Frameworks/Foundation.framework; sourceTree = "<absolute>"; };
		91071531162740B80069C8C5 /* AppKit.framework */ = {isa = PBXFileReference; lastKnownFileType = wrapper.framework; name = AppKit.framework; path = /System/Library/Frameworks/AppKit.framework; sourceTree = "<absolute>"; };
		91071533162740CD0069C8C5 /* Cocoa.framework */ = {isa = PBXFileReference; lastKnownFileType = wrapper.framework; name = Cocoa.framework; path = /System/Library/Frameworks/Cocoa.framework; sourceTree = "<absolute>"; };
		91071535162740FD0069C8C5 /* SystemConfiguration.framework */ = {isa = PBXFileReference; lastKnownFileType = wrapper.framework; name = SystemConfiguration.framework; path = /System/Library/Frameworks/SystemConfiguration.framework; sourceTree = "<absolute>"; };
		910A9D9E16230A370032E310 /* SimpleTest.app */ = {isa = PBXFileReference; explicitFileType = wrapper.application; includeInIndex = 0; path = SimpleTest.app; sourceTree = BUILT_PRODUCTS_DIR; };
		910A9DA216230A370032E310 /* Cocoa.framework */ = {isa = PBXFileReference; lastKnownFileType = wrapper.framework; name = Cocoa.framework; path = System/Library/Frameworks/Cocoa.framework; sourceTree = SDKROOT; };
		910A9DA516230A370032E310 /* AppKit.framework */ = {isa = PBXFileReference; lastKnownFileType = wrapper.framework; name = AppKit.framework; path = System/Library/Frameworks/AppKit.framework; sourceTree = SDKROOT; };
		910A9DA616230A370032E310 /* CoreData.framework */ = {isa = PBXFileReference; lastKnownFileType = wrapper.framework; name = CoreData.framework; path = System/Library/Frameworks/CoreData.framework; sourceTree = SDKROOT; };
		910A9DA716230A370032E310 /* Foundation.framework */ = {isa = PBXFileReference; lastKnownFileType = wrapper.framework; name = Foundation.framework; path = System/Library/Frameworks/Foundation.framework; sourceTree = SDKROOT; };
		910A9DC616230BE50032E310 /* libglfw.a */ = {isa = PBXFileReference; lastKnownFileType = archive.ar; name = libglfw.a; path = ../External/glfw/libOSX/libglfw.a; sourceTree = "<group>"; };
		910A9DC816230D880032E310 /* OpenGL.framework */ = {isa = PBXFileReference; lastKnownFileType = wrapper.framework; name = OpenGL.framework; path = /System/Library/Frameworks/OpenGL.framework; sourceTree = "<absolute>"; };
		910A9DCD162310BB0032E310 /* IOKit.framework */ = {isa = PBXFileReference; lastKnownFileType = wrapper.framework; name = IOKit.framework; path = ../../../../../System/Library/Frameworks/IOKit.framework; sourceTree = "<group>"; };
		910A9DF2162313440032E310 /* IOKit.framework */ = {isa = PBXFileReference; lastKnownFileType = wrapper.framework; name = IOKit.framework; path = System/Library/Frameworks/IOKit.framework; sourceTree = SDKROOT; };
		910A9DF41623134E0032E310 /* libRenderer.a */ = {isa = PBXFileReference; lastKnownFileType = archive.ar; name = libRenderer.a; path = ../../Renderer/build/Release/libRenderer.a; sourceTree = "<group>"; };
		910A9DF51623134E0032E310 /* libRuntimeCompiler.a */ = {isa = PBXFileReference; lastKnownFileType = archive.ar; name = libRuntimeCompiler.a; path = "../../../../../../../Library/Developer/Xcode/DerivedData/Aurora-amgiihqkoasuvzdugsovjupxbfdk/Build/Products/Debug/libRuntimeCompiler.a"; sourceTree = "<group>"; };
		910A9DF61623134E0032E310 /* libRuntimeObjectSystem.a */ = {isa = PBXFileReference; lastKnownFileType = archive.ar; name = libRuntimeObjectSystem.a; path = "../../../../../../../Library/Developer/Xcode/DerivedData/Aurora-amgiihqkoasuvzdugsovjupxbfdk/Build/Products/Debug/libRuntimeObjectSystem.a"; sourceTree = "<group>"; };
		910A9DF71623134E0032E310 /* libSystems.a */ = {isa = PBXFileReference; lastKnownFileType = archive.ar; name = libSystems.a; path = ../../Systems/build/Release/libSystems.a; sourceTree = "<group>"; };
		910A9DFC162313D40032E310 /* libglfw.a */ = {isa = PBXFileReference; lastKnownFileType = archive.ar; name = libglfw.a; path = ../../External/glfw/libOSX/libglfw.a; sourceTree = "<group>"; };
		910A9DFE162313EF0032E310 /* BB_Global.h */ = {isa = PBXFileReference; fileEncoding = 4; lastKnownFileType = sourcecode.c.h; path = BB_Global.h; sourceTree = "<group>"; };
		910A9DFF162313EF0032E310 /* BB_Group_Infected.h */ = {isa = PBXFileReference; fileEncoding = 4; lastKnownFileType = sourcecode.c.h; path = BB_Group_Infected.h; sourceTree = "<group>"; };
		910A9E00162313EF0032E310 /* BB_Group_RBC.h */ = {isa = PBXFileReference; fileEncoding = 4; lastKnownFileType = sourcecode.c.h; path = BB_Group_RBC.h; sourceTree = "<group>"; };
		910A9E01162313EF0032E310 /* BB_Group_Virus.h */ = {isa = PBXFileReference; fileEncoding = 4; lastKnownFileType = sourcecode.c.h; path = BB_Group_Virus.h; sourceTree = "<group>"; };
		910A9E02162313EF0032E310 /* BB_Group_WBC.h */ = {isa = PBXFileReference; fileEncoding = 4; lastKnownFileType = sourcecode.c.h; path = BB_Group_WBC.h; sourceTree = "<group>"; };
		910A9E03162313EF0032E310 /* BB_Individual_Common.h */ = {isa = PBXFileReference; fileEncoding = 4; lastKnownFileType = sourcecode.c.h; path = BB_Individual_Common.h; sourceTree = "<group>"; };
		910A9E04162313EF0032E310 /* BB_Individual_Infected.h */ = {isa = PBXFileReference; fileEncoding = 4; lastKnownFileType = sourcecode.c.h; path = BB_Individual_Infected.h; sourceTree = "<group>"; };
		910A9E05162313EF0032E310 /* BB_Individual_RBC.h */ = {isa = PBXFileReference; fileEncoding = 4; lastKnownFileType = sourcecode.c.h; path = BB_Individual_RBC.h; sourceTree = "<group>"; };
		910A9E06162313EF0032E310 /* BB_Individual_Virus.h */ = {isa = PBXFileReference; fileEncoding = 4; lastKnownFileType = sourcecode.c.h; path = BB_Individual_Virus.h; sourceTree = "<group>"; };
		910A9E07162313EF0032E310 /* BB_Individual_WBC.h */ = {isa = PBXFileReference; fileEncoding = 4; lastKnownFileType = sourcecode.c.h; path = BB_Individual_WBC.h; sourceTree = "<group>"; };
		910A9E08162313EF0032E310 /* BB_Team_Immune.h */ = {isa = PBXFileReference; fileEncoding = 4; lastKnownFileType = sourcecode.c.h; path = BB_Team_Immune.h; sourceTree = "<group>"; };
		910A9E09162313EF0032E310 /* BB_Team_Infection.h */ = {isa = PBXFileReference; fileEncoding = 4; lastKnownFileType = sourcecode.c.h; path = BB_Team_Infection.h; sourceTree = "<group>"; };
		910A9E0A162313EF0032E310 /* Behavior_Infected_Approach.cpp */ = {isa = PBXFileReference; fileEncoding = 4; lastKnownFileType = sourcecode.cpp.cpp; path = Behavior_Infected_Approach.cpp; sourceTree = "<group>"; };
		910A9E0B162313EF0032E310 /* Behavior_Infected_Base.h */ = {isa = PBXFileReference; fileEncoding = 4; lastKnownFileType = sourcecode.c.h; path = Behavior_Infected_Base.h; sourceTree = "<group>"; };
		910A9E0C162313EF0032E310 /* Behavior_Infected_Combat.cpp */ = {isa = PBXFileReference; fileEncoding = 4; lastKnownFileType = sourcecode.cpp.cpp; path = Behavior_Infected_Combat.cpp; sourceTree = "<group>"; };
		910A9E0D162313EF0032E310 /* Behavior_Infected_HuntRBC.cpp */ = {isa = PBXFileReference; fileEncoding = 4; lastKnownFileType = sourcecode.cpp.cpp; path = Behavior_Infected_HuntRBC.cpp; sourceTree = "<group>"; };
		910A9E0E162313EF0032E310 /* Behavior_Infected_HuntWBC.cpp */ = {isa = PBXFileReference; fileEncoding = 4; lastKnownFileType = sourcecode.cpp.cpp; path = Behavior_Infected_HuntWBC.cpp; sourceTree = "<group>"; };
		910A9E0F162313EF0032E310 /* Behavior_Infected_Idle.cpp */ = {isa = PBXFileReference; fileEncoding = 4; lastKnownFileType = sourcecode.cpp.cpp; path = Behavior_Infected_Idle.cpp; sourceTree = "<group>"; };
		910A9E10162313EF0032E310 /* Behavior_RBC_Approach.cpp */ = {isa = PBXFileReference; fileEncoding = 4; lastKnownFileType = sourcecode.cpp.cpp; path = Behavior_RBC_Approach.cpp; sourceTree = "<group>"; };
		910A9E11162313EF0032E310 /* Behavior_RBC_Base.h */ = {isa = PBXFileReference; fileEncoding = 4; lastKnownFileType = sourcecode.c.h; path = Behavior_RBC_Base.h; sourceTree = "<group>"; };
		910A9E12162313EF0032E310 /* Behavior_RBC_Combat.cpp */ = {isa = PBXFileReference; fileEncoding = 4; lastKnownFileType = sourcecode.cpp.cpp; path = Behavior_RBC_Combat.cpp; sourceTree = "<group>"; };
		910A9E13162313EF0032E310 /* Behavior_RBC_Evade.cpp */ = {isa = PBXFileReference; fileEncoding = 4; lastKnownFileType = sourcecode.cpp.cpp; path = Behavior_RBC_Evade.cpp; sourceTree = "<group>"; };
		910A9E14162313EF0032E310 /* Behavior_RBC_Idle.cpp */ = {isa = PBXFileReference; fileEncoding = 4; lastKnownFileType = sourcecode.cpp.cpp; path = Behavior_RBC_Idle.cpp; sourceTree = "<group>"; };
		910A9E15162313EF0032E310 /* Behavior_Virus_Approach.cpp */ = {isa = PBXFileReference; fileEncoding = 4; lastKnownFileType = sourcecode.cpp.cpp; path = Behavior_Virus_Approach.cpp; sourceTree = "<group>"; };
		910A9E16162313EF0032E310 /* Behavior_Virus_Base.h */ = {isa = PBXFileReference; fileEncoding = 4; lastKnownFileType = sourcecode.c.h; path = Behavior_Virus_Base.h; sourceTree = "<group>"; };
		910A9E17162313EF0032E310 /* Behavior_Virus_Combat.cpp */ = {isa = PBXFileReference; fileEncoding = 4; lastKnownFileType = sourcecode.cpp.cpp; path = Behavior_Virus_Combat.cpp; sourceTree = "<group>"; };
		910A9E18162313EF0032E310 /* Behavior_Virus_HuntRBC.cpp */ = {isa = PBXFileReference; fileEncoding = 4; lastKnownFileType = sourcecode.cpp.cpp; path = Behavior_Virus_HuntRBC.cpp; sourceTree = "<group>"; };
		910A9E19162313EF0032E310 /* Behavior_Virus_HuntWBC.cpp */ = {isa = PBXFileReference; fileEncoding = 4; lastKnownFileType = sourcecode.cpp.cpp; path = Behavior_Virus_HuntWBC.cpp; sourceTree = "<group>"; };
		910A9E1A162313EF0032E310 /* Behavior_Virus_Idle.cpp */ = {isa = PBXFileReference; fileEncoding = 4; lastKnownFileType = sourcecode.cpp.cpp; path = Behavior_Virus_Idle.cpp; sourceTree = "<group>"; };
		910A9E1B162313EF0032E310 /* Behavior_WBC_Approach.cpp */ = {isa = PBXFileReference; fileEncoding = 4; lastKnownFileType = sourcecode.cpp.cpp; path = Behavior_WBC_Approach.cpp; sourceTree = "<group>"; };
		910A9E1C162313EF0032E310 /* Behavior_WBC_Base.h */ = {isa = PBXFileReference; fileEncoding = 4; lastKnownFileType = sourcecode.c.h; path = Behavior_WBC_Base.h; sourceTree = "<group>"; };
		910A9E1D162313EF0032E310 /* Behavior_WBC_Combat.cpp */ = {isa = PBXFileReference; fileEncoding = 4; lastKnownFileType = sourcecode.cpp.cpp; path = Behavior_WBC_Combat.cpp; sourceTree = "<group>"; };
		910A9E1E162313EF0032E310 /* Behavior_WBC_Idle.cpp */ = {isa = PBXFileReference; fileEncoding = 4; lastKnownFileType = sourcecode.cpp.cpp; path = Behavior_WBC_Idle.cpp; sourceTree = "<group>"; };
		910A9E1F162313EF0032E310 /* Behavior_WBC_Patrol.cpp */ = {isa = PBXFileReference; fileEncoding = 4; lastKnownFileType = sourcecode.cpp.cpp; path = Behavior_WBC_Patrol.cpp; sourceTree = "<group>"; };
		910A9E20162313EF0032E310 /* BehaviorCommon.h */ = {isa = PBXFileReference; fileEncoding = 4; lastKnownFileType = sourcecode.c.h; path = BehaviorCommon.h; sourceTree = "<group>"; };
		910A9E21162313EF0032E310 /* BehaviorTree_Infected.cpp */ = {isa = PBXFileReference; fileEncoding = 4; lastKnownFileType = sourcecode.cpp.cpp; path = BehaviorTree_Infected.cpp; sourceTree = "<group>"; };
		910A9E22162313EF0032E310 /* BehaviorTree_RBC.cpp */ = {isa = PBXFileReference; fileEncoding = 4; lastKnownFileType = sourcecode.cpp.cpp; path = BehaviorTree_RBC.cpp; sourceTree = "<group>"; };
		910A9E23162313EF0032E310 /* BehaviorTree_Virus.cpp */ = {isa = PBXFileReference; fileEncoding = 4; lastKnownFileType = sourcecode.cpp.cpp; path = BehaviorTree_Virus.cpp; sourceTree = "<group>"; };
		910A9E24162313EF0032E310 /* BehaviorTree_WBC.cpp */ = {isa = PBXFileReference; fileEncoding = 4; lastKnownFileType = sourcecode.cpp.cpp; path = BehaviorTree_WBC.cpp; sourceTree = "<group>"; };
		910A9E25162313EF0032E310 /* BehaviorTreeManager.cpp */ = {isa = PBXFileReference; fileEncoding = 4; lastKnownFileType = sourcecode.cpp.cpp; path = BehaviorTreeManager.cpp; sourceTree = "<group>"; };
		910A9E26162313EF0032E310 /* BlackboardManager.cpp */ = {isa = PBXFileReference; fileEncoding = 4; lastKnownFileType = sourcecode.cpp.cpp; path = BlackboardManager.cpp; sourceTree = "<group>"; };
		910A9E27162313EF0032E310 /* CameraControl.cpp */ = {isa = PBXFileReference; fileEncoding = 4; lastKnownFileType = sourcecode.cpp.cpp; path = CameraControl.cpp; sourceTree = "<group>"; };
		910A9E28162313EF0032E310 /* CompilerLogger.cpp */ = {isa = PBXFileReference; fileEncoding = 4; lastKnownFileType = sourcecode.cpp.cpp; path = CompilerLogger.cpp; sourceTree = "<group>"; };
		910A9E29162313EF0032E310 /* CompilerLogger.h */ = {isa = PBXFileReference; fileEncoding = 4; lastKnownFileType = sourcecode.c.h; path = CompilerLogger.h; sourceTree = "<group>"; };
		910A9E2A162313EF0032E310 /* CompilingNotification.cpp */ = {isa = PBXFileReference; fileEncoding = 4; lastKnownFileType = sourcecode.cpp.cpp; path = CompilingNotification.cpp; sourceTree = "<group>"; };
		910A9E2B162313EF0032E310 /* Console.cpp */ = {isa = PBXFileReference; fileEncoding = 4; lastKnownFileType = sourcecode.cpp.cpp; path = Console.cpp; sourceTree = "<group>"; };
		910A9E2C162313EF0032E310 /* Console.h */ = {isa = PBXFileReference; fileEncoding = 4; lastKnownFileType = sourcecode.c.h; path = Console.h; sourceTree = "<group>"; };
		910A9E2D162313EF0032E310 /* Console.txt */ = {isa = PBXFileReference; fileEncoding = 4; lastKnownFileType = text; path = Console.txt; sourceTree = "<group>"; };
		910A9E2E162313EF0032E310 /* ConsoleContext.h */ = {isa = PBXFileReference; fileEncoding = 4; lastKnownFileType = sourcecode.c.h; path = ConsoleContext.h; sourceTree = "<group>"; };
		910A9E2F162313EF0032E310 /* Environment.cpp */ = {isa = PBXFileReference; fileEncoding = 4; lastKnownFileType = sourcecode.cpp.cpp; path = Environment.cpp; sourceTree = "<group>"; };
		910A9E30162313EF0032E310 /* Environment.h */ = {isa = PBXFileReference; fileEncoding = 4; lastKnownFileType = sourcecode.c.h; path = Environment.h; sourceTree = "<group>"; };
		910A9E31162313EF0032E310 /* FPSCounter.cpp */ = {isa = PBXFileReference; fileEncoding = 4; lastKnownFileType = sourcecode.cpp.cpp; path = FPSCounter.cpp; sourceTree = "<group>"; };
		910A9E32162313EF0032E310 /* Game.cpp */ = {isa = PBXFileReference; fileEncoding = 4; lastKnownFileType = sourcecode.cpp.cpp; path = Game.cpp; sourceTree = "<group>"; };
		910A9E33162313EF0032E310 /* Game.h */ = {isa = PBXFileReference; fileEncoding = 4; lastKnownFileType = sourcecode.c.h; path = Game.h; sourceTree = "<group>"; };
		910A9E34162313EF0032E310 /* GameManager.cpp */ = {isa = PBXFileReference; fileEncoding = 4; lastKnownFileType = sourcecode.cpp.cpp; path = GameManager.cpp; sourceTree = "<group>"; };
		910A9E35162313EF0032E310 /* GameObject.cpp */ = {isa = PBXFileReference; fileEncoding = 4; lastKnownFileType = sourcecode.cpp.cpp; path = GameObject.cpp; sourceTree = "<group>"; };
		910A9E36162313EF0032E310 /* GlobalParameters.h */ = {isa = PBXFileReference; fileEncoding = 4; lastKnownFileType = sourcecode.c.h; path = GlobalParameters.h; sourceTree = "<group>"; };
		910A9E37162313EF0032E310 /* IBehavior.h */ = {isa = PBXFileReference; fileEncoding = 4; lastKnownFileType = sourcecode.c.h; path = IBehavior.h; sourceTree = "<group>"; };
		910A9E38162313EF0032E310 /* IBehaviorTree.h */ = {isa = PBXFileReference; fileEncoding = 4; lastKnownFileType = sourcecode.c.h; path = IBehaviorTree.h; sourceTree = "<group>"; };
		910A9E39162313EF0032E310 /* IBehaviorTreeManager.h */ = {isa = PBXFileReference; fileEncoding = 4; lastKnownFileType = sourcecode.c.h; path = IBehaviorTreeManager.h; sourceTree = "<group>"; };
		910A9E3A162313EF0032E310 /* IBlackboard.h */ = {isa = PBXFileReference; fileEncoding = 4; lastKnownFileType = sourcecode.c.h; path = IBlackboard.h; sourceTree = "<group>"; };
		910A9E3B162313EF0032E310 /* IBlackboardManager.h */ = {isa = PBXFileReference; fileEncoding = 4; lastKnownFileType = sourcecode.c.h; path = IBlackboardManager.h; sourceTree = "<group>"; };
		910A9E3C162313EF0032E310 /* ICameraControl.h */ = {isa = PBXFileReference; fileEncoding = 4; lastKnownFileType = sourcecode.c.h; path = ICameraControl.h; sourceTree = "<group>"; };
		910A9E3D162313EF0032E310 /* IConsoleContext.h */ = {isa = PBXFileReference; fileEncoding = 4; lastKnownFileType = sourcecode.c.h; path = IConsoleContext.h; sourceTree = "<group>"; };
		910A9E3E162313EF0032E310 /* IEntityObject.h */ = {isa = PBXFileReference; fileEncoding = 4; lastKnownFileType = sourcecode.c.h; path = IEntityObject.h; sourceTree = "<group>"; };
		910A9E3F162313EF0032E310 /* IGameManager.h */ = {isa = PBXFileReference; fileEncoding = 4; lastKnownFileType = sourcecode.c.h; path = IGameManager.h; sourceTree = "<group>"; };
		910A9E40162313EF0032E310 /* IGameObject.h */ = {isa = PBXFileReference; fileEncoding = 4; lastKnownFileType = sourcecode.c.h; path = IGameObject.h; sourceTree = "<group>"; };
		910A9E41162313EF0032E310 /* IInputManager.h */ = {isa = PBXFileReference; fileEncoding = 4; lastKnownFileType = sourcecode.c.h; path = IInputManager.h; sourceTree = "<group>"; };
		910A9E42162313EF0032E310 /* ILightingControl.h */ = {isa = PBXFileReference; fileEncoding = 4; lastKnownFileType = sourcecode.c.h; path = ILightingControl.h; sourceTree = "<group>"; };
		910A9E43162313EF0032E310 /* InputManager.cpp */ = {isa = PBXFileReference; fileEncoding = 4; lastKnownFileType = sourcecode.cpp.cpp; path = InputManager.cpp; sourceTree = "<group>"; };
		910A9E44162313EF0032E310 /* InterfaceIds.h */ = {isa = PBXFileReference; fileEncoding = 4; lastKnownFileType = sourcecode.c.h; path = InterfaceIds.h; sourceTree = "<group>"; };
		910A9E45162313EF0032E310 /* IObjectUtils.h */ = {isa = PBXFileReference; fileEncoding = 4; lastKnownFileType = sourcecode.c.h; path = IObjectUtils.h; sourceTree = "<group>"; };
		910A9E46162313EF0032E310 /* IPerceptionManager.h */ = {isa = PBXFileReference; fileEncoding = 4; lastKnownFileType = sourcecode.c.h; path = IPerceptionManager.h; sourceTree = "<group>"; };
		910A9E47162313EF0032E310 /* IPhysicsManager.h */ = {isa = PBXFileReference; fileEncoding = 4; lastKnownFileType = sourcecode.c.h; path = IPhysicsManager.h; sourceTree = "<group>"; };
		910A9E48162313EF0032E310 /* ISplashScreen.h */ = {isa = PBXFileReference; fileEncoding = 4; lastKnownFileType = sourcecode.c.h; path = ISplashScreen.h; sourceTree = "<group>"; };
		910A9E49162313EF0032E310 /* LightingControl.cpp */ = {isa = PBXFileReference; fileEncoding = 4; lastKnownFileType = sourcecode.cpp.cpp; path = LightingControl.cpp; sourceTree = "<group>"; };
		910A9E4A162313EF0032E310 /* Main.cpp */ = {isa = PBXFileReference; fileEncoding = 4; lastKnownFileType = sourcecode.cpp.cpp; path = Main.cpp; sourceTree = "<group>"; };
		910A9E4B162313EF0032E310 /* MainMenu.cpp */ = {isa = PBXFileReference; fileEncoding = 4; lastKnownFileType = sourcecode.cpp.cpp; path = MainMenu.cpp; sourceTree = "<group>"; };
		910A9E4C162313EF0032E310 /* MainObject.cpp */ = {isa = PBXFileReference; fileEncoding = 4; lastKnownFileType = sourcecode.cpp.cpp; path = MainObject.cpp; sourceTree = "<group>"; };
		910A9E4D162313EF0032E310 /* PerceptionManager.cpp */ = {isa = PBXFileReference; fileEncoding = 4; lastKnownFileType = sourcecode.cpp.cpp; path = PerceptionManager.cpp; sourceTree = "<group>"; };
		910A9E4E162313EF0032E310 /* PhysicsManager.cpp */ = {isa = PBXFileReference; fileEncoding = 4; lastKnownFileType = sourcecode.cpp.cpp; path = PhysicsManager.cpp; sourceTree = "<group>"; };
		910A9E4F162313EF0032E310 /* SplashScreen.cpp */ = {isa = PBXFileReference; fileEncoding = 4; lastKnownFileType = sourcecode.cpp.cpp; path = SplashScreen.cpp; sourceTree = "<group>"; };
		910A9E861623233E0032E310 /* RocketControlsOSX.framework */ = {isa = PBXFileReference; lastKnownFileType = wrapper.framework; name = RocketControlsOSX.framework; path = ../../External/libRocket/Build/build/Release/RocketControlsOSX.framework; sourceTree = "<group>"; };
		910A9E871623233F0032E310 /* RocketCoreOSX.framework */ = {isa = PBXFileReference; lastKnownFileType = wrapper.framework; name = RocketCoreOSX.framework; path = ../../External/libRocket/Build/build/Release/RocketCoreOSX.framework; sourceTree = "<group>"; };
		910A9E881623233F0032E310 /* RocketDebuggerOSX.framework */ = {isa = PBXFileReference; lastKnownFileType = wrapper.framework; name = RocketDebuggerOSX.framework; path = ../../External/libRocket/Build/build/Release/RocketDebuggerOSX.framework; sourceTree = "<group>"; };
		910A9E901623284B0032E310 /* libfreetype.6.dylib */ = {isa = PBXFileReference; lastKnownFileType = "compiled.mach-o.dylib"; name = libfreetype.6.dylib; path = ../../External/support/lib/MacOSX/libfreetype.6.dylib; sourceTree = "<group>"; };
		910A9EF516232E2A0032E310 /* SimpleTest-Info.plist */ = {isa = PBXFileReference; fileEncoding = 4; lastKnownFileType = text.plist.xml; path = "SimpleTest-Info.plist"; sourceTree = "<group>"; };
		91448C03162731940026BFC8 /* libmacho.dylib */ = {isa = PBXFileReference; lastKnownFileType = "compiled.mach-o.dylib"; name = libmacho.dylib; path = /usr/lib/system/libmacho.dylib; sourceTree = "<absolute>"; };
		91448C06162731B20026BFC8 /* Kernel.framework */ = {isa = PBXFileReference; lastKnownFileType = wrapper.framework; name = Kernel.framework; path = /System/Library/Frameworks/Kernel.framework; sourceTree = "<absolute>"; };
		91448C08162732840026BFC8 /* System.framework */ = {isa = PBXFileReference; lastKnownFileType = wrapper.framework; name = System.framework; path = /System/Library/Frameworks/System.framework; sourceTree = "<absolute>"; };
/* End PBXFileReference section */

/* Begin PBXFrameworksBuildPhase section */
		910A9D9B16230A370032E310 /* Frameworks */ = {
			isa = PBXFrameworksBuildPhase;
			buildActionMask = 2147483647;
			files = (
				910A9E891623233F0032E310 /* RocketControlsOSX.framework in Frameworks */,
				910A9E8A1623233F0032E310 /* RocketCoreOSX.framework in Frameworks */,
				910A9E8B1623233F0032E310 /* RocketDebuggerOSX.framework in Frameworks */,
				910A9DF81623134E0032E310 /* libRenderer.a in Frameworks */,
				910A9DF91623134E0032E310 /* libRuntimeCompiler.a in Frameworks */,
				910A9DFA1623134E0032E310 /* libRuntimeObjectSystem.a in Frameworks */,
				910A9DFB1623134E0032E310 /* libSystems.a in Frameworks */,
				910A9DFD162313D40032E310 /* libglfw.a in Frameworks */,
				910A9DF3162313440032E310 /* IOKit.framework in Frameworks */,
				910A9DA316230A370032E310 /* Cocoa.framework in Frameworks */,
				910A9DC916230D880032E310 /* OpenGL.framework in Frameworks */,
			);
			runOnlyForDeploymentPostprocessing = 0;
		};
/* End PBXFrameworksBuildPhase section */

/* Begin PBXGroup section */
		910A9D9316230A370032E310 = {
			isa = PBXGroup;
			children = (
				91D03E3C16249DFB0044DC3F /* RuntimeModifiableInterfaces */,
				91D8765216242DF000A588D8 /* RuntimeModifiableSource */,
				910A9E28162313EF0032E310 /* CompilerLogger.cpp */,
				910A9E29162313EF0032E310 /* CompilerLogger.h */,
				910A9E2B162313EF0032E310 /* Console.cpp */,
				910A9E2C162313EF0032E310 /* Console.h */,
				910A9E2D162313EF0032E310 /* Console.txt */,
				910A9E2E162313EF0032E310 /* ConsoleContext.h */,
				910A9E2F162313EF0032E310 /* Environment.cpp */,
				910A9E30162313EF0032E310 /* Environment.h */,
				910A9E32162313EF0032E310 /* Game.cpp */,
				910A9E33162313EF0032E310 /* Game.h */,
				910A9E44162313EF0032E310 /* InterfaceIds.h */,
				910A9E45162313EF0032E310 /* IObjectUtils.h */,
				910A9E4A162313EF0032E310 /* Main.cpp */,
				910A9DA816230A370032E310 /* SimpleTestBundle */,
				910A9DA116230A370032E310 /* Frameworks */,
				910A9D9F16230A370032E310 /* Products */,
			);
			sourceTree = "<group>";
		};
		910A9D9F16230A370032E310 /* Products */ = {
			isa = PBXGroup;
			children = (
				910A9D9E16230A370032E310 /* SimpleTest.app */,
			);
			name = Products;
			sourceTree = "<group>";
		};
		910A9DA116230A370032E310 /* Frameworks */ = {
			isa = PBXGroup;
			children = (
				91071535162740FD0069C8C5 /* SystemConfiguration.framework */,
				91071533162740CD0069C8C5 /* Cocoa.framework */,
				91071531162740B80069C8C5 /* AppKit.framework */,
				9107152E162740B00069C8C5 /* Foundation.framework */,
				91448C08162732840026BFC8 /* System.framework */,
				91448C06162731B20026BFC8 /* Kernel.framework */,
				91448C03162731940026BFC8 /* libmacho.dylib */,
				910A9E901623284B0032E310 /* libfreetype.6.dylib */,
				910A9E861623233E0032E310 /* RocketControlsOSX.framework */,
				910A9E871623233F0032E310 /* RocketCoreOSX.framework */,
				910A9E881623233F0032E310 /* RocketDebuggerOSX.framework */,
				910A9DFC162313D40032E310 /* libglfw.a */,
				910A9DF41623134E0032E310 /* libRenderer.a */,
				910A9DF51623134E0032E310 /* libRuntimeCompiler.a */,
				910A9DF61623134E0032E310 /* libRuntimeObjectSystem.a */,
				910A9DF71623134E0032E310 /* libSystems.a */,
				910A9DF2162313440032E310 /* IOKit.framework */,
				910A9DCD162310BB0032E310 /* IOKit.framework */,
				910A9DC616230BE50032E310 /* libglfw.a */,
				910A9DC816230D880032E310 /* OpenGL.framework */,
				910A9DA216230A370032E310 /* Cocoa.framework */,
				910A9DA416230A370032E310 /* Other Frameworks */,
			);
			name = Frameworks;
			sourceTree = "<group>";
		};
		910A9DA416230A370032E310 /* Other Frameworks */ = {
			isa = PBXGroup;
			children = (
				910A9DA516230A370032E310 /* AppKit.framework */,
				910A9DA616230A370032E310 /* CoreData.framework */,
				910A9DA716230A370032E310 /* Foundation.framework */,
			);
			name = "Other Frameworks";
			sourceTree = "<group>";
		};
		910A9DA816230A370032E310 /* SimpleTestBundle */ = {
			isa = PBXGroup;
			children = (
				910A9EF516232E2A0032E310 /* SimpleTest-Info.plist */,
			);
			name = SimpleTestBundle;
			path = SimpleTest;
			sourceTree = "<group>";
		};
		91D03E3C16249DFB0044DC3F /* RuntimeModifiableInterfaces */ = {
			isa = PBXGroup;
			children = (
				910A9E37162313EF0032E310 /* IBehavior.h */,
				910A9E38162313EF0032E310 /* IBehaviorTree.h */,
				910A9E39162313EF0032E310 /* IBehaviorTreeManager.h */,
				910A9E3A162313EF0032E310 /* IBlackboard.h */,
				910A9E3B162313EF0032E310 /* IBlackboardManager.h */,
				910A9E3C162313EF0032E310 /* ICameraControl.h */,
				910A9E3D162313EF0032E310 /* IConsoleContext.h */,
				910A9E3E162313EF0032E310 /* IEntityObject.h */,
				910A9E3F162313EF0032E310 /* IGameManager.h */,
				910A9E40162313EF0032E310 /* IGameObject.h */,
				910A9E41162313EF0032E310 /* IInputManager.h */,
				910A9E42162313EF0032E310 /* ILightingControl.h */,
				910A9E46162313EF0032E310 /* IPerceptionManager.h */,
				910A9E47162313EF0032E310 /* IPhysicsManager.h */,
				910A9E48162313EF0032E310 /* ISplashScreen.h */,
			);
			name = RuntimeModifiableInterfaces;
			sourceTree = "<group>";
		};
		91D8765216242DF000A588D8 /* RuntimeModifiableSource */ = {
			isa = PBXGroup;
			children = (
				910A9DFE162313EF0032E310 /* BB_Global.h */,
				910A9DFF162313EF0032E310 /* BB_Group_Infected.h */,
				910A9E00162313EF0032E310 /* BB_Group_RBC.h */,
				910A9E01162313EF0032E310 /* BB_Group_Virus.h */,
				910A9E02162313EF0032E310 /* BB_Group_WBC.h */,
				910A9E03162313EF0032E310 /* BB_Individual_Common.h */,
				910A9E04162313EF0032E310 /* BB_Individual_Infected.h */,
				910A9E05162313EF0032E310 /* BB_Individual_RBC.h */,
				910A9E06162313EF0032E310 /* BB_Individual_Virus.h */,
				910A9E07162313EF0032E310 /* BB_Individual_WBC.h */,
				910A9E08162313EF0032E310 /* BB_Team_Immune.h */,
				910A9E09162313EF0032E310 /* BB_Team_Infection.h */,
				910A9E0A162313EF0032E310 /* Behavior_Infected_Approach.cpp */,
				910A9E0B162313EF0032E310 /* Behavior_Infected_Base.h */,
				910A9E0C162313EF0032E310 /* Behavior_Infected_Combat.cpp */,
				910A9E0D162313EF0032E310 /* Behavior_Infected_HuntRBC.cpp */,
				910A9E0E162313EF0032E310 /* Behavior_Infected_HuntWBC.cpp */,
				910A9E0F162313EF0032E310 /* Behavior_Infected_Idle.cpp */,
				910A9E10162313EF0032E310 /* Behavior_RBC_Approach.cpp */,
				910A9E11162313EF0032E310 /* Behavior_RBC_Base.h */,
				910A9E12162313EF0032E310 /* Behavior_RBC_Combat.cpp */,
				910A9E13162313EF0032E310 /* Behavior_RBC_Evade.cpp */,
				910A9E14162313EF0032E310 /* Behavior_RBC_Idle.cpp */,
				910A9E15162313EF0032E310 /* Behavior_Virus_Approach.cpp */,
				910A9E16162313EF0032E310 /* Behavior_Virus_Base.h */,
				910A9E17162313EF0032E310 /* Behavior_Virus_Combat.cpp */,
				910A9E18162313EF0032E310 /* Behavior_Virus_HuntRBC.cpp */,
				910A9E19162313EF0032E310 /* Behavior_Virus_HuntWBC.cpp */,
				910A9E1A162313EF0032E310 /* Behavior_Virus_Idle.cpp */,
				910A9E1B162313EF0032E310 /* Behavior_WBC_Approach.cpp */,
				910A9E1C162313EF0032E310 /* Behavior_WBC_Base.h */,
				910A9E1D162313EF0032E310 /* Behavior_WBC_Combat.cpp */,
				910A9E1E162313EF0032E310 /* Behavior_WBC_Idle.cpp */,
				910A9E1F162313EF0032E310 /* Behavior_WBC_Patrol.cpp */,
				910A9E20162313EF0032E310 /* BehaviorCommon.h */,
				910A9E21162313EF0032E310 /* BehaviorTree_Infected.cpp */,
				910A9E22162313EF0032E310 /* BehaviorTree_RBC.cpp */,
				910A9E23162313EF0032E310 /* BehaviorTree_Virus.cpp */,
				910A9E24162313EF0032E310 /* BehaviorTree_WBC.cpp */,
				910A9E25162313EF0032E310 /* BehaviorTreeManager.cpp */,
				910A9E26162313EF0032E310 /* BlackboardManager.cpp */,
				910A9E27162313EF0032E310 /* CameraControl.cpp */,
				910A9E2A162313EF0032E310 /* CompilingNotification.cpp */,
				910A9E31162313EF0032E310 /* FPSCounter.cpp */,
				910A9E34162313EF0032E310 /* GameManager.cpp */,
				910A9E35162313EF0032E310 /* GameObject.cpp */,
				910A9E36162313EF0032E310 /* GlobalParameters.h */,
				910A9E43162313EF0032E310 /* InputManager.cpp */,
				910A9E49162313EF0032E310 /* LightingControl.cpp */,
				910A9E4B162313EF0032E310 /* MainMenu.cpp */,
				910A9E4C162313EF0032E310 /* MainObject.cpp */,
				910A9E4D162313EF0032E310 /* PerceptionManager.cpp */,
				910A9E4E162313EF0032E310 /* PhysicsManager.cpp */,
				910A9E4F162313EF0032E310 /* SplashScreen.cpp */,
			);
			name = RuntimeModifiableSource;
			sourceTree = "<group>";
		};
/* End PBXGroup section */

/* Begin PBXNativeTarget section */
		910A9D9D16230A370032E310 /* SimpleTest */ = {
			isa = PBXNativeTarget;
			buildConfigurationList = 910A9DBC16230A370032E310 /* Build configuration list for PBXNativeTarget "SimpleTest" */;
			buildPhases = (
				910A9D9A16230A370032E310 /* Sources */,
				910A9D9B16230A370032E310 /* Frameworks */,
				910A9D9C16230A370032E310 /* Resources */,
				910A9E8F162328120032E310 /* CopyFiles */,
			);
			buildRules = (
			);
			dependencies = (
			);
			name = SimpleTest;
			productName = SimpleTest;
			productReference = 910A9D9E16230A370032E310 /* SimpleTest.app */;
			productType = "com.apple.product-type.application";
		};
/* End PBXNativeTarget section */

/* Begin PBXProject section */
		910A9D9516230A370032E310 /* Project object */ = {
			isa = PBXProject;
			attributes = {
				LastUpgradeCheck = 0440;
				ORGANIZATIONNAME = "Doug Binks";
			};
			buildConfigurationList = 910A9D9816230A370032E310 /* Build configuration list for PBXProject "SimpleTest" */;
			compatibilityVersion = "Xcode 3.2";
			developmentRegion = English;
			hasScannedForEncodings = 0;
			knownRegions = (
				en,
			);
			mainGroup = 910A9D9316230A370032E310;
			productRefGroup = 910A9D9F16230A370032E310 /* Products */;
			projectDirPath = "";
			projectRoot = "";
			targets = (
				910A9D9D16230A370032E310 /* SimpleTest */,
			);
		};
/* End PBXProject section */

/* Begin PBXResourcesBuildPhase section */
		910A9D9C16230A370032E310 /* Resources */ = {
			isa = PBXResourcesBuildPhase;
			buildActionMask = 2147483647;
			files = (
			);
			runOnlyForDeploymentPostprocessing = 0;
		};
/* End PBXResourcesBuildPhase section */

/* Begin PBXSourcesBuildPhase section */
		910A9D9A16230A370032E310 /* Sources */ = {
			isa = PBXSourcesBuildPhase;
			buildActionMask = 2147483647;
			files = (
				910A9E50162313EF0032E310 /* Behavior_Infected_Approach.cpp in Sources */,
				910A9E51162313EF0032E310 /* Behavior_Infected_Combat.cpp in Sources */,
				910A9E52162313EF0032E310 /* Behavior_Infected_HuntRBC.cpp in Sources */,
				910A9E53162313EF0032E310 /* Behavior_Infected_HuntWBC.cpp in Sources */,
				910A9E54162313EF0032E310 /* Behavior_Infected_Idle.cpp in Sources */,
				910A9E55162313EF0032E310 /* Behavior_RBC_Approach.cpp in Sources */,
				910A9E56162313EF0032E310 /* Behavior_RBC_Combat.cpp in Sources */,
				910A9E57162313EF0032E310 /* Behavior_RBC_Evade.cpp in Sources */,
				910A9E58162313EF0032E310 /* Behavior_RBC_Idle.cpp in Sources */,
				910A9E59162313EF0032E310 /* Behavior_Virus_Approach.cpp in Sources */,
				910A9E5A162313EF0032E310 /* Behavior_Virus_Combat.cpp in Sources */,
				910A9E5B162313EF0032E310 /* Behavior_Virus_HuntRBC.cpp in Sources */,
				910A9E5C162313EF0032E310 /* Behavior_Virus_HuntWBC.cpp in Sources */,
				910A9E5D162313EF0032E310 /* Behavior_Virus_Idle.cpp in Sources */,
				910A9E5E162313EF0032E310 /* Behavior_WBC_Approach.cpp in Sources */,
				910A9E5F162313EF0032E310 /* Behavior_WBC_Combat.cpp in Sources */,
				910A9E60162313EF0032E310 /* Behavior_WBC_Idle.cpp in Sources */,
				910A9E61162313EF0032E310 /* Behavior_WBC_Patrol.cpp in Sources */,
				910A9E62162313EF0032E310 /* BehaviorTree_Infected.cpp in Sources */,
				910A9E63162313EF0032E310 /* BehaviorTree_RBC.cpp in Sources */,
				910A9E64162313EF0032E310 /* BehaviorTree_Virus.cpp in Sources */,
				910A9E65162313EF0032E310 /* BehaviorTree_WBC.cpp in Sources */,
				910A9E66162313EF0032E310 /* BehaviorTreeManager.cpp in Sources */,
				910A9E67162313EF0032E310 /* BlackboardManager.cpp in Sources */,
				910A9E68162313EF0032E310 /* CameraControl.cpp in Sources */,
				910A9E69162313EF0032E310 /* CompilerLogger.cpp in Sources */,
				910A9E6A162313EF0032E310 /* CompilingNotification.cpp in Sources */,
				910A9E6B162313EF0032E310 /* Console.cpp in Sources */,
				910A9E6D162313EF0032E310 /* Environment.cpp in Sources */,
				910A9E6E162313EF0032E310 /* FPSCounter.cpp in Sources */,
				910A9E6F162313EF0032E310 /* Game.cpp in Sources */,
				910A9E70162313EF0032E310 /* GameManager.cpp in Sources */,
				910A9E71162313EF0032E310 /* GameObject.cpp in Sources */,
				910A9E72162313EF0032E310 /* InputManager.cpp in Sources */,
				910A9E73162313EF0032E310 /* LightingControl.cpp in Sources */,
				910A9E74162313EF0032E310 /* Main.cpp in Sources */,
				910A9E75162313EF0032E310 /* MainMenu.cpp in Sources */,
				910A9E76162313EF0032E310 /* MainObject.cpp in Sources */,
				910A9E77162313EF0032E310 /* PerceptionManager.cpp in Sources */,
				910A9E78162313EF0032E310 /* PhysicsManager.cpp in Sources */,
				910A9E79162313EF0032E310 /* SplashScreen.cpp in Sources */,
			);
			runOnlyForDeploymentPostprocessing = 0;
		};
/* End PBXSourcesBuildPhase section */

/* Begin XCBuildConfiguration section */
		910A9DBA16230A370032E310 /* Debug */ = {
			isa = XCBuildConfiguration;
			buildSettings = {
				ALWAYS_SEARCH_USER_PATHS = NO;
				ARCHS = "$(ARCHS_STANDARD_64_BIT)";
				CLANG_CXX_LANGUAGE_STANDARD = "gnu++0x";
				CLANG_WARN__DUPLICATE_METHOD_MATCH = YES;
				COPY_PHASE_STRIP = NO;
				GCC_C_LANGUAGE_STANDARD = gnu99;
				GCC_DYNAMIC_NO_PIC = NO;
				GCC_ENABLE_OBJC_EXCEPTIONS = YES;
				GCC_OPTIMIZATION_LEVEL = 0;
				GCC_PREPROCESSOR_DEFINITIONS = (
					"DEBUG=1",
					"$(inherited)",
				);
				GCC_SYMBOLS_PRIVATE_EXTERN = NO;
				GCC_WARN_64_TO_32_BIT_CONVERSION = YES;
				GCC_WARN_ABOUT_RETURN_TYPE = YES;
				GCC_WARN_UNINITIALIZED_AUTOS = YES;
				GCC_WARN_UNUSED_VARIABLE = YES;
				MACOSX_DEPLOYMENT_TARGET = 10.8;
				ONLY_ACTIVE_ARCH = YES;
				PRELINK_LIBS = "";
				SDKROOT = macosx;
			};
			name = Debug;
		};
		910A9DBB16230A370032E310 /* Release */ = {
			isa = XCBuildConfiguration;
			buildSettings = {
				ALWAYS_SEARCH_USER_PATHS = NO;
				ARCHS = "$(ARCHS_STANDARD_64_BIT)";
				CLANG_CXX_LANGUAGE_STANDARD = "gnu++0x";
				CLANG_WARN__DUPLICATE_METHOD_MATCH = YES;
				COPY_PHASE_STRIP = YES;
				DEBUG_INFORMATION_FORMAT = "dwarf-with-dsym";
				GCC_C_LANGUAGE_STANDARD = gnu99;
				GCC_ENABLE_OBJC_EXCEPTIONS = YES;
				GCC_WARN_64_TO_32_BIT_CONVERSION = YES;
				GCC_WARN_ABOUT_RETURN_TYPE = YES;
				GCC_WARN_UNINITIALIZED_AUTOS = YES;
				GCC_WARN_UNUSED_VARIABLE = YES;
				MACOSX_DEPLOYMENT_TARGET = 10.8;
				PRELINK_LIBS = "";
				SDKROOT = macosx;
			};
			name = Release;
		};
		910A9DBD16230A370032E310 /* Debug */ = {
			isa = XCBuildConfiguration;
			buildSettings = {
				COMBINE_HIDPI_IMAGES = YES;
				GCC_PRECOMPILE_PREFIX_HEADER = NO;
				GCC_PREFIX_HEADER = "";
				HEADER_SEARCH_PATHS = (
					../../External/glfw/include,
					../../External/boost/,
					../../External/libRocket/include/,
				);
				INFOPLIST_FILE = "SimpleTest/SimpleTest-Info.plist";
				LD_RUNPATH_SEARCH_PATHS = "";
				LIBRARY_SEARCH_PATHS = (
					"\"$(SRCROOT)/../../External/glfw/libOSX\"",
					"\"$(SRCROOT)/../../../../../../../Library/Developer/Xcode/DerivedData/Aurora-amgiihqkoasuvzdugsovjupxbfdk/Build/Products/Debug\"",
					"\"$(SRCROOT)/../../External/boost/stage/libOSX\"",
					"\"$(SRCROOT)/../../External/support/lib/MacOSX\"",
					/usr/lib/system,
				);
				PRODUCT_NAME = "$(TARGET_NAME)";
				SDKROOT = "";
				SYMROOT = build;
				WRAPPER_EXTENSION = app;
			};
			name = Debug;
		};
		910A9DBE16230A370032E310 /* Release */ = {
			isa = XCBuildConfiguration;
			buildSettings = {
				COMBINE_HIDPI_IMAGES = YES;
				GCC_PRECOMPILE_PREFIX_HEADER = NO;
				GCC_PREFIX_HEADER = "";
				HEADER_SEARCH_PATHS = (
					../../External/glfw/include,
					../../External/boost/,
					../../External/libRocket/include/,
				);
				INFOPLIST_FILE = "SimpleTest/SimpleTest-Info.plist";
				LD_RUNPATH_SEARCH_PATHS = "";
				LIBRARY_SEARCH_PATHS = (
					"\"$(SRCROOT)/../../External/glfw/libOSX\"",
					"\"$(SRCROOT)/../../../../../../../Library/Developer/Xcode/DerivedData/Aurora-amgiihqkoasuvzdugsovjupxbfdk/Build/Products/Debug\"",
					"\"$(SRCROOT)/../../External/boost/stage/libOSX\"",
					"\"$(SRCROOT)/../../External/support/lib/MacOSX\"",
					/usr/lib/system,
				);
				PRODUCT_NAME = "$(TARGET_NAME)";
				SDKROOT = "";
				SYMROOT = build;
				WRAPPER_EXTENSION = app;
			};
			name = Release;
		};
/* End XCBuildConfiguration section */

/* Begin XCConfigurationList section */
		910A9D9816230A370032E310 /* Build configuration list for PBXProject "SimpleTest" */ = {
			isa = XCConfigurationList;
			buildConfigurations = (
				910A9DBA16230A370032E310 /* Debug */,
				910A9DBB16230A370032E310 /* Release */,
			);
			defaultConfigurationIsVisible = 0;
			defaultConfigurationName = Release;
		};
		910A9DBC16230A370032E310 /* Build configuration list for PBXNativeTarget "SimpleTest" */ = {
			isa = XCConfigurationList;
			buildConfigurations = (
				910A9DBD16230A370032E310 /* Debug */,
				910A9DBE16230A370032E310 /* Release */,
			);
			defaultConfigurationIsVisible = 0;
			defaultConfigurationName = Release;
		};
/* End XCConfigurationList section */
	};
	rootObject = 910A9D9516230A370032E310 /* Project object */;
}
