
Microsoft Visual Studio Solution File, Format Version 11.00
# Visual Studio 2010
Project("{8BC9CEB8-8B4A-11D0-8D11-00A0C91BC942}") = "RuntimeCompiler_VS2010", "RuntimeCompiler\RuntimeCompiler_VS2010.vcxproj", "{DB768A8D-1FE5-FCEA-DBA8-6AEC5934CA9B}"
EndProject
Project("{8BC9CEB8-8B4A-11D0-8D11-00A0C91BC942}") = "SimpleTest", "Examples\SimpleTest\SimpleTest.vcxproj", "{D80E22AA-64AF-4542-A583-DC0AE69CC88B}"
	ProjectSection(ProjectDependencies) = postProject
		{1AAC0B29-AEB9-4E3F-8EDF-B46F8949C41B} = {1AAC0B29-AEB9-4E3F-8EDF-B46F8949C41B}
		{1AAC0B29-AEC9-4E3F-9EDF-B56F8949C41A} = {1AAC0B29-AEC9-4E3F-9EDF-B56F8949C41A}
		{1AAC0B29-AEC9-4E3F-9EDF-B56F8949C41B} = {1AAC0B29-AEC9-4E3F-9EDF-B56F8949C41B}
		{BD166836-4A63-47F6-A8A7-A535D99A5F75} = {BD166836-4A63-47F6-A8A7-A535D99A5F75}
		{2947A63C-A245-4853-B4CC-476354188AEE} = {2947A63C-A245-4853-B4CC-476354188AEE}
		{856EEC89-FABD-4750-A124-9740C1764FA6} = {856EEC89-FABD-4750-A124-9740C1764FA6}
		{26DDDB96-4A8E-4A1B-997C-970DE0CCCE37} = {26DDDB96-4A8E-4A1B-997C-970DE0CCCE37}
		{DB768A8D-1FE5-FCEA-DBA8-6AEC5934CA9B} = {DB768A8D-1FE5-FCEA-DBA8-6AEC5934CA9B}
	EndProjectSection
EndProject
Project("{8BC9CEB8-8B4A-11D0-8D11-00A0C91BC942}") = "Systems", "Systems\Systems.vcxproj", "{BD166836-4A63-47F6-A8A7-A535D99A5F75}"
	ProjectSection(ProjectDependencies) = postProject
		{1AAC0B29-AEB9-4E3F-8EDF-B46F8949C41B} = {1AAC0B29-AEB9-4E3F-8EDF-B46F8949C41B}
		{1AAC0B29-AEC9-4E3F-9EDF-B56F8949C41A} = {1AAC0B29-AEC9-4E3F-9EDF-B56F8949C41A}
		{1AAC0B29-AEC9-4E3F-9EDF-B56F8949C41B} = {1AAC0B29-AEC9-4E3F-9EDF-B56F8949C41B}
		{2947A63C-A245-4853-B4CC-476354188AEE} = {2947A63C-A245-4853-B4CC-476354188AEE}
	EndProjectSection
EndProject
Project("{8BC9CEB8-8B4A-11D0-8D11-00A0C91BC942}") = "Renderer_VS2010", "Renderer\Renderer_VS2010.vcxproj", "{26DDDB96-4A8E-4A1B-997C-970DE0CCCE37}"
EndProject
Project("{8BC9CEB8-8B4A-11D0-8D11-00A0C91BC942}") = "Common_2010", "Common\Common_2010.vcxproj", "{2947A63C-A245-4853-B4CC-476354188AEE}"
EndProject
Project("{8BC9CEB8-8B4A-11D0-8D11-00A0C91BC942}") = "Audio_VS2010", "Audio\Audio_VS2010.vcxproj", "{856EEC89-FABD-4750-A124-9740C1764FA6}"
EndProject
Project("{8BC9CEB8-8B4A-11D0-8D11-00A0C91BC942}") = "RocketCore", "External\libRocket\Build\RocketCore.vcxproj", "{1AAC0B29-AEB9-4E3F-8EDF-B46F8949C41B}"
EndProject
Project("{8BC9CEB8-8B4A-11D0-8D11-00A0C91BC942}") = "RocketControls", "External\libRocket\Build\RocketControls.vcxproj", "{1AAC0B29-AEC9-4E3F-9EDF-B56F8949C41B}"
EndProject
Project("{8BC9CEB8-8B4A-11D0-8D11-00A0C91BC942}") = "RocketDebugger", "External\libRocket\Build\RocketDebugger.vcxproj", "{1AAC0B29-AEC9-4E3F-9EDF-B56F8949C41A}"
	ProjectSection(ProjectDependencies) = postProject
		{1AAC0B29-AEC9-4E3F-9EDF-B56F8949C41B} = {1AAC0B29-AEC9-4E3F-9EDF-B56F8949C41B}
	EndProjectSection
EndProject
Global
	GlobalSection(SolutionConfigurationPlatforms) = preSolution
		Debug|Win32 = Debug|Win32
		Release|Win32 = Release|Win32
	EndGlobalSection
	GlobalSection(ProjectConfigurationPlatforms) = postSolution
		{DB768A8D-1FE5-FCEA-DBA8-6AEC5934CA9B}.Debug|Win32.ActiveCfg = Debug|Win32
		{DB768A8D-1FE5-FCEA-DBA8-6AEC5934CA9B}.Debug|Win32.Build.0 = Debug|Win32
		{DB768A8D-1FE5-FCEA-DBA8-6AEC5934CA9B}.Release|Win32.ActiveCfg = Release|Win32
		{DB768A8D-1FE5-FCEA-DBA8-6AEC5934CA9B}.Release|Win32.Build.0 = Release|Win32
		{D80E22AA-64AF-4542-A583-DC0AE69CC88B}.Debug|Win32.ActiveCfg = Debug|Win32
		{D80E22AA-64AF-4542-A583-DC0AE69CC88B}.Debug|Win32.Build.0 = Debug|Win32
		{D80E22AA-64AF-4542-A583-DC0AE69CC88B}.Release|Win32.ActiveCfg = Release|Win32
		{D80E22AA-64AF-4542-A583-DC0AE69CC88B}.Release|Win32.Build.0 = Release|Win32
		{BD166836-4A63-47F6-A8A7-A535D99A5F75}.Debug|Win32.ActiveCfg = Debug|Win32
		{BD166836-4A63-47F6-A8A7-A535D99A5F75}.Debug|Win32.Build.0 = Debug|Win32
		{BD166836-4A63-47F6-A8A7-A535D99A5F75}.Release|Win32.ActiveCfg = Release|Win32
		{BD166836-4A63-47F6-A8A7-A535D99A5F75}.Release|Win32.Build.0 = Release|Win32
		{26DDDB96-4A8E-4A1B-997C-970DE0CCCE37}.Debug|Win32.ActiveCfg = Debug|Win32
		{26DDDB96-4A8E-4A1B-997C-970DE0CCCE37}.Debug|Win32.Build.0 = Debug|Win32
		{26DDDB96-4A8E-4A1B-997C-970DE0CCCE37}.Release|Win32.ActiveCfg = Release|Win32
		{26DDDB96-4A8E-4A1B-997C-970DE0CCCE37}.Release|Win32.Build.0 = Release|Win32
		{2947A63C-A245-4853-B4CC-476354188AEE}.Debug|Win32.ActiveCfg = Debug|Win32
		{2947A63C-A245-4853-B4CC-476354188AEE}.Debug|Win32.Build.0 = Debug|Win32
		{2947A63C-A245-4853-B4CC-476354188AEE}.Release|Win32.ActiveCfg = Release|Win32
		{2947A63C-A245-4853-B4CC-476354188AEE}.Release|Win32.Build.0 = Release|Win32
		{856EEC89-FABD-4750-A124-9740C1764FA6}.Debug|Win32.ActiveCfg = Debug|Win32
		{856EEC89-FABD-4750-A124-9740C1764FA6}.Debug|Win32.Build.0 = Debug|Win32
		{856EEC89-FABD-4750-A124-9740C1764FA6}.Release|Win32.ActiveCfg = Release|Win32
		{856EEC89-FABD-4750-A124-9740C1764FA6}.Release|Win32.Build.0 = Release|Win32
		{1AAC0B29-AEB9-4E3F-8EDF-B46F8949C41B}.Debug|Win32.ActiveCfg = Debug|Win32
		{1AAC0B29-AEB9-4E3F-8EDF-B46F8949C41B}.Debug|Win32.Build.0 = Debug|Win32
		{1AAC0B29-AEB9-4E3F-8EDF-B46F8949C41B}.Release|Win32.ActiveCfg = Release|Win32
		{1AAC0B29-AEB9-4E3F-8EDF-B46F8949C41B}.Release|Win32.Build.0 = Release|Win32
		{1AAC0B29-AEC9-4E3F-9EDF-B56F8949C41B}.Debug|Win32.ActiveCfg = Debug|Win32
		{1AAC0B29-AEC9-4E3F-9EDF-B56F8949C41B}.Debug|Win32.Build.0 = Debug|Win32
		{1AAC0B29-AEC9-4E3F-9EDF-B56F8949C41B}.Release|Win32.ActiveCfg = Release|Win32
		{1AAC0B29-AEC9-4E3F-9EDF-B56F8949C41B}.Release|Win32.Build.0 = Release|Win32
		{1AAC0B29-AEC9-4E3F-9EDF-B56F8949C41A}.Debug|Win32.ActiveCfg = Debug|Win32
		{1AAC0B29-AEC9-4E3F-9EDF-B56F8949C41A}.Debug|Win32.Build.0 = Debug|Win32
		{1AAC0B29-AEC9-4E3F-9EDF-B56F8949C41A}.Release|Win32.ActiveCfg = Release|Win32
		{1AAC0B29-AEC9-4E3F-9EDF-B56F8949C41A}.Release|Win32.Build.0 = Release|Win32
	EndGlobalSection
	GlobalSection(SolutionProperties) = preSolution
		HideSolutionNode = FALSE
	EndGlobalSection
EndGlobal
