<?xml version="1.0" encoding="utf-8"?>
<Project ToolsVersion="4.0" xmlns="http://schemas.microsoft.com/developer/msbuild/2003">
  <ItemGroup>
    <ClCompile Include="CompilerLogger.cpp" />
    <ClCompile Include="Environment.cpp" />
    <ClCompile Include="Console.cpp" />
    <ClCompile Include="Game.cpp" />
    <ClCompile Include="Main.cpp" />
    <ClCompile Include="CameraControl.cpp">
      <Filter>Runtime Modifiable\Utils</Filter>
    </ClCompile>
    <ClCompile Include="LightingControl.cpp">
      <Filter>Runtime Modifiable\Utils</Filter>
    </ClCompile>
    <ClCompile Include="ConsoleContext.cpp">
      <Filter>Runtime Modifiable\Utils</Filter>
    </ClCompile>
    <ClCompile Include="FPSCounter.cpp">
      <Filter>Runtime Modifiable\Utils</Filter>
    </ClCompile>
    <ClCompile Include="Game.cpp" />
    <ClCompile Include="Main.cpp" />
    <ClCompile Include="GameManager.cpp">
      <Filter>Runtime Modifiable</Filter>
    </ClCompile>
    <ClCompile Include="BehaviorTreeManager.cpp">
      <Filter>Runtime Modifiable\BehaviorTree</Filter>
    </ClCompile>
    <ClCompile Include="GameObject.cpp">
      <Filter>Runtime Modifiable</Filter>
    </ClCompile>
    <ClCompile Include="PerceptionManager.cpp">
      <Filter>Runtime Modifiable</Filter>
    </ClCompile>
    <ClCompile Include="InputManager.cpp">
      <Filter>Runtime Modifiable</Filter>
    </ClCompile>
    <ClCompile Include="SplashScreen.cpp">
      <Filter>Runtime Modifiable\Utils</Filter>
    </ClCompile>
    <ClCompile Include="MainObject.cpp">
      <Filter>Runtime Modifiable</Filter>
    </ClCompile>
    <ClCompile Include="MainMenu.cpp">
      <Filter>Runtime Modifiable</Filter>
    </ClCompile>
    <ClCompile Include="BehaviorTree_WBC.cpp">
      <Filter>Runtime Modifiable\BehaviorTree</Filter>
    </ClCompile>
    <ClCompile Include="BehaviorTree_RBC.cpp">
      <Filter>Runtime Modifiable\BehaviorTree</Filter>
    </ClCompile>
    <ClCompile Include="BehaviorTree_Virus.cpp">
      <Filter>Runtime Modifiable\BehaviorTree</Filter>
    </ClCompile>
    <ClCompile Include="BehaviorTree_Infected.cpp">
      <Filter>Runtime Modifiable\BehaviorTree</Filter>
    </ClCompile>
    <ClCompile Include="Behavior_WBC_Idle.cpp">
      <Filter>Runtime Modifiable\Behaviors</Filter>
    </ClCompile>
    <ClCompile Include="Behavior_RBC_Idle.cpp">
      <Filter>Runtime Modifiable\Behaviors</Filter>
    </ClCompile>
    <ClCompile Include="Behavior_Infected_Idle.cpp">
      <Filter>Runtime Modifiable\Behaviors</Filter>
    </ClCompile>
    <ClCompile Include="Behavior_Virus_Idle.cpp">
      <Filter>Runtime Modifiable\Behaviors</Filter>
    </ClCompile>
    <ClCompile Include="BlackboardManager.cpp">
      <Filter>Runtime Modifiable\Blackboards</Filter>
    </ClCompile>
    <ClCompile Include="BehaviorCommon.h">
      <Filter>Runtime Modifiable\Behaviors</Filter>
    </ClCompile>
    <ClCompile Include="Behavior_WBC_Base.h">
      <Filter>Runtime Modifiable\Behaviors</Filter>
    </ClCompile>
    <ClCompile Include="Behavior_Virus_Base.h">
      <Filter>Runtime Modifiable\Behaviors</Filter>
    </ClCompile>
    <ClCompile Include="Behavior_RBC_Base.h">
      <Filter>Runtime Modifiable\Behaviors</Filter>
    </ClCompile>
    <ClCompile Include="Behavior_Infected_Base.h">
      <Filter>Runtime Modifiable\Behaviors</Filter>
    </ClCompile>
    <ClCompile Include="PhysicsManager.cpp">
      <Filter>Runtime Modifiable</Filter>
    </ClCompile>
    <ClCompile Include="Behavior_WBC_Approach.cpp">
      <Filter>Runtime Modifiable\Behaviors</Filter>
    </ClCompile>
    <ClCompile Include="Behavior_WBC_Patrol.cpp">
      <Filter>Runtime Modifiable\Behaviors</Filter>
    </ClCompile>
    <ClCompile Include="Behavior_WBC_Combat.cpp">
      <Filter>Runtime Modifiable\Behaviors</Filter>
    </ClCompile>
    <ClCompile Include="Behavior_Virus_Approach.cpp">
      <Filter>Runtime Modifiable\Behaviors</Filter>
    </ClCompile>
    <ClCompile Include="Behavior_Infected_Approach.cpp">
      <Filter>Runtime Modifiable\Behaviors</Filter>
    </ClCompile>
    <ClCompile Include="Behavior_Infected_Combat.cpp">
      <Filter>Runtime Modifiable\Behaviors</Filter>
    </ClCompile>
    <ClCompile Include="Behavior_RBC_Combat.cpp">
      <Filter>Runtime Modifiable\Behaviors</Filter>
    </ClCompile>
    <ClCompile Include="Behavior_RBC_Approach.cpp">
      <Filter>Runtime Modifiable\Behaviors</Filter>
    </ClCompile>
    <ClCompile Include="Behavior_Virus_HuntRBC.cpp">
      <Filter>Runtime Modifiable\Behaviors</Filter>
    </ClCompile>
    <ClCompile Include="Behavior_Virus_HuntWBC.cpp">
      <Filter>Runtime Modifiable\Behaviors</Filter>
    </ClCompile>
    <ClCompile Include="Behavior_Infected_HuntRBC.cpp">
      <Filter>Runtime Modifiable\Behaviors</Filter>
    </ClCompile>
    <ClCompile Include="Behavior_Infected_HuntWBC.cpp">
      <Filter>Runtime Modifiable\Behaviors</Filter>
    </ClCompile>
    <ClCompile Include="Behavior_Virus_Combat.cpp">
      <Filter>Runtime Modifiable\Behaviors</Filter>
    </ClCompile>
    <ClCompile Include="Behavior_RBC_Evade.cpp">
      <Filter>Runtime Modifiable\Behaviors</Filter>
    </ClCompile>
    <ClCompile Include="CompilingNotification.cpp">
      <Filter>Runtime Modifiable\Utils</Filter>
    </ClCompile>
  </ItemGroup>
  <ItemGroup>
    <ClInclude Include="CompilerLogger.h" />
    <ClInclude Include="Environment.h" />
    <ClInclude Include="Console.h" />
    <ClInclude Include="Game.h" />
    <ClInclude Include="IConsoleContext.h">
      <Filter>Object Interfaces</Filter>
    </ClInclude>
    <ClInclude Include="InterfaceIds.h">
      <Filter>Object Interfaces</Filter>
    </ClInclude>
    <ClInclude Include="IObjectUtils.h">
      <Filter>Object Interfaces</Filter>
    </ClInclude>
    <ClInclude Include="ICameraControl.h">
      <Filter>Object Interfaces</Filter>
    </ClInclude>
    <ClInclude Include="ILightingControl.h">
      <Filter>Object Interfaces</Filter>
    </ClInclude>
    <ClInclude Include="ConsoleContext.h">
      <Filter>Runtime Modifiable\Utils</Filter>
    </ClInclude>
    <ClInclude Include="IGameManager.h">
      <Filter>Object Interfaces</Filter>
    </ClInclude>
    <ClInclude Include="IBehaviorTreeManager.h">
      <Filter>Object Interfaces</Filter>
    </ClInclude>
    <ClInclude Include="IPerceptionManager.h">
      <Filter>Object Interfaces</Filter>
    </ClInclude>
    <ClInclude Include="IBehaviorTree.h">
      <Filter>Object Interfaces</Filter>
    </ClInclude>
    <ClInclude Include="IBehavior.h">
      <Filter>Object Interfaces</Filter>
    </ClInclude>
    <ClInclude Include="IInputManager.h">
      <Filter>Object Interfaces</Filter>
    </ClInclude>
    <ClInclude Include="ISplashScreen.h">
      <Filter>Object Interfaces</Filter>
    </ClInclude>
    <ClInclude Include="IGameObject.h">
      <Filter>Object Interfaces</Filter>
    </ClInclude>
    <ClInclude Include="GlobalParameters.h">
      <Filter>Runtime Modifiable</Filter>
    </ClInclude>
    <ClInclude Include="BB_Global.h">
      <Filter>Runtime Modifiable\Blackboards</Filter>
    </ClInclude>
    <ClInclude Include="BB_Group_WBC.h">
      <Filter>Runtime Modifiable\Blackboards</Filter>
    </ClInclude>
    <ClInclude Include="BB_Individual_Common.h">
      <Filter>Runtime Modifiable\Blackboards</Filter>
    </ClInclude>
    <ClInclude Include="BB_Group_RBC.h">
      <Filter>Runtime Modifiable\Blackboards</Filter>
    </ClInclude>
    <ClInclude Include="BB_Group_Virus.h">
      <Filter>Runtime Modifiable\Blackboards</Filter>
    </ClInclude>
    <ClInclude Include="BB_Group_Infected.h">
      <Filter>Runtime Modifiable\Blackboards</Filter>
    </ClInclude>
    <ClInclude Include="BB_Individual_WBC.h">
      <Filter>Runtime Modifiable\Blackboards</Filter>
    </ClInclude>
    <ClInclude Include="BB_Individual_RBC.h">
      <Filter>Runtime Modifiable\Blackboards</Filter>
    </ClInclude>
    <ClInclude Include="BB_Individual_Virus.h">
      <Filter>Runtime Modifiable\Blackboards</Filter>
    </ClInclude>
    <ClInclude Include="BB_Individual_Infected.h">
      <Filter>Runtime Modifiable\Blackboards</Filter>
    </ClInclude>
    <ClInclude Include="BB_Team_Immune.h">
      <Filter>Runtime Modifiable\Blackboards</Filter>
    </ClInclude>
    <ClInclude Include="BB_Team_Infection.h">
      <Filter>Runtime Modifiable\Blackboards</Filter>
    </ClInclude>
    <ClInclude Include="IBlackboard.h">
      <Filter>Object Interfaces</Filter>
    </ClInclude>
    <ClInclude Include="IBlackboardManager.h">
      <Filter>Object Interfaces</Filter>
    </ClInclude>
    <ClInclude Include="IEntityObject.h">
      <Filter>Object Interfaces</Filter>
    </ClInclude>
    <ClInclude Include="IPhysicsManager.h">
      <Filter>Object Interfaces</Filter>
    </ClInclude>
  </ItemGroup>
  <ItemGroup>
    <Filter Include="Runtime Modifiable">
      <UniqueIdentifier>{f4a5435a-b632-417a-873e-a7230d3ab4d1}</UniqueIdentifier>
    </Filter>
    <Filter Include="Object Interfaces">
      <UniqueIdentifier>{642a082c-1fed-4053-98cb-23ca03ccfe2d}</UniqueIdentifier>
    </Filter>
    <Filter Include="Runtime Modifiable\BehaviorTree">
      <UniqueIdentifier>{a5d44037-b31e-4fee-adfb-853a55ccd88c}</UniqueIdentifier>
    </Filter>
    <Filter Include="Runtime Modifiable\Behaviors">
      <UniqueIdentifier>{013c892c-0839-4f4c-98b6-8c36fa86cd7b}</UniqueIdentifier>
    </Filter>
    <Filter Include="Runtime Modifiable\Blackboards">
      <UniqueIdentifier>{d36c0d29-e2da-476b-8189-355750d72a75}</UniqueIdentifier>
    </Filter>
    <Filter Include="GUI RML">
      <UniqueIdentifier>{90c00d68-4c8a-4cb7-8a4b-d6ad7ac6fd55}</UniqueIdentifier>
    </Filter>
    <Filter Include="Runtime Modifiable\Utils">
      <UniqueIdentifier>{0a2c8110-c63a-44ad-bdcb-a91b66b87eb2}</UniqueIdentifier>
    </Filter>
  </ItemGroup>
  <ItemGroup>
    <None Include="Console.txt">
      <Filter>Runtime Modifiable\Utils</Filter>
    </None>
    <None Include="..\..\Assets\GUI\console.rcss">
      <Filter>GUI RML</Filter>
    </None>
    <None Include="..\..\Assets\GUI\console.rml">
      <Filter>GUI RML</Filter>
    </None>
    <None Include="..\..\Assets\GUI\fps-counter.rcss">
      <Filter>GUI RML</Filter>
    </None>
    <None Include="..\..\Assets\GUI\fps-counter.rml">
      <Filter>GUI RML</Filter>
    </None>
    <None Include="..\..\Assets\GUI\menu.rml">
      <Filter>GUI RML</Filter>
    </None>
    <None Include="..\..\Assets\GUI\menu.rcss">
      <Filter>GUI RML</Filter>
    </None>
    <None Include="..\..\Assets\GUI\default.rcss">
      <Filter>GUI RML</Filter>
    </None>
    <None Include="..\..\Assets\GUI\splashscreen.rcss">
      <Filter>GUI RML</Filter>
    </None>
    <None Include="..\..\Assets\GUI\splashscreen.rml">
      <Filter>GUI RML</Filter>
    </None>
    <None Include="..\..\Assets\GUI\input.rcss">
      <Filter>GUI RML</Filter>
    </None>
    <None Include="..\..\Assets\GUI\input.rml">
      <Filter>GUI RML</Filter>
    </None>
    <None Include="..\..\Assets\GUI\compiling-notification.rcss">
      <Filter>GUI RML</Filter>
    </None>
    <None Include="..\..\Assets\GUI\compiling-notification.rml">
      <Filter>GUI RML</Filter>
    </None>
  </ItemGroup>
</Project>